// !$*UTF8*$!
{
	archiveVersion = 1;
	classes = {
	};
	objectVersion = 46;
	objects = {
/* Begin PBXBuildFile section */
		0207DA581B56EA530066E2B4 /* Images.xcassets in Resources */ = {isa = PBXBuildFile; fileRef = 0207DA571B56EA530066E2B4 /* Images.xcassets */; };
		1D3623260D0F684500981E51 /* AppDelegate.m in Sources */ = {isa = PBXBuildFile; fileRef = 1D3623250D0F684500981E51 /* AppDelegate.m */; };
		1D60589B0D05DD56006BFB54 /* main.m in Sources */ = {isa = PBXBuildFile; fileRef = 29B97316FDCFA39411CA2CEA /* main.m */; };
		301BF552109A68D80062928A /* libCordova.a in Frameworks */ = {isa = PBXBuildFile; fileRef = 301BF535109A57CC0062928A /* libCordova.a */; };
		302D95F114D2391D003F00A1 /* MainViewController.m in Sources */ = {isa = PBXBuildFile; fileRef = 302D95EF14D2391D003F00A1 /* MainViewController.m */; };
		302D95F214D2391D003F00A1 /* MainViewController.xib in Resources */ = {isa = PBXBuildFile; fileRef = 302D95F014D2391D003F00A1 /* MainViewController.xib */; };
		3047A5121AB8059700498E2A /* build-debug.xcconfig in Resources */ = {isa = PBXBuildFile; fileRef = 3047A50F1AB8059700498E2A /* build-debug.xcconfig */; };
		3047A5131AB8059700498E2A /* build-release.xcconfig in Resources */ = {isa = PBXBuildFile; fileRef = 3047A5101AB8059700498E2A /* build-release.xcconfig */; };
		3047A5141AB8059700498E2A /* build.xcconfig in Resources */ = {isa = PBXBuildFile; fileRef = 3047A5111AB8059700498E2A /* build.xcconfig */; };
		B57E63AAC3D34485BC464B1B /* CFNetwork.framework in Frameworks */ = {isa = PBXBuildFile; fileRef = 42FE412403364B79B73DF200 /* CFNetwork.framework */; };
		7AE8F3EF73D7437697522EA5 /* AdSupport.framework in Frameworks */ = {isa = PBXBuildFile; fileRef = 9BB803962FD94262A112E397 /* AdSupport.framework */; };
		6D3815CFB3E148D59441D228 /* AudioToolbox.framework in Frameworks */ = {isa = PBXBuildFile; fileRef = 2FF97AC5CB80465DA04EB625 /* AudioToolbox.framework */; };
		E81A06B47F564271913409BA /* AVFoundation.framework in Frameworks */ = {isa = PBXBuildFile; fileRef = DA957AF64D4E405F9C7D5143 /* AVFoundation.framework */; };
		D61F8BBE2A1C4B48A2855BDD /* CoreBluetooth.framework in Frameworks */ = {isa = PBXBuildFile; fileRef = E998F3E58082408295F74DD5 /* CoreBluetooth.framework */; };
		32BDE71AAA274E23AB59A64A /* CoreLocation.framework in Frameworks */ = {isa = PBXBuildFile; fileRef = 90AD815B6DF54E788FB5D09D /* CoreLocation.framework */; };
		D5D4E777294E4B7E8350BA3E /* CoreMedia.framework in Frameworks */ = {isa = PBXBuildFile; fileRef = 3DBFFE7F783D420F952C17DE /* CoreMedia.framework */; };
		EAB49317EDC0459584E099F6 /* CoreMotion.framework in Frameworks */ = {isa = PBXBuildFile; fileRef = 56B4A834EFAD4C86AC64B502 /* CoreMotion.framework */; };
		F7A7B6FC84BE49DCBC082858 /* CoreTelephony.framework in Frameworks */ = {isa = PBXBuildFile; fileRef = 64D80A841D0F44F3BA164011 /* CoreTelephony.framework */; };
		136DE979C1F0479B9DB7BBB9 /* CoreVideo.framework in Frameworks */ = {isa = PBXBuildFile; fileRef = BF4DFC498F7B4BBD9ECBA139 /* CoreVideo.framework */; };
		82D11AE055604A7FAB8FA246 /* EventKit.framework in Frameworks */ = {isa = PBXBuildFile; fileRef = 35964318C4EF499093BB7B1D /* EventKit.framework */; };
		0AF5DB6EAF2F44A8A32DE77B /* EventKitUI.framework in Frameworks */ = {isa = PBXBuildFile; fileRef = EA2315611E5645878144330A /* EventKitUI.framework */; };
		E525E472525B4D72AB6C40EA /* Foundation.framework in Frameworks */ = {isa = PBXBuildFile; fileRef = 6428384C2C094214AF282270 /* Foundation.framework */; };
		0C0600FBB0144A1BB841CCD9 /* GLKit.framework in Frameworks */ = {isa = PBXBuildFile; fileRef = 03D4094F1C3D4CAA9DA91F9C /* GLKit.framework */; };
		159EC828BF2B459DBF6E7E6E /* MediaPlayer.framework in Frameworks */ = {isa = PBXBuildFile; fileRef = E960514BD50B47F68710CC98 /* MediaPlayer.framework */; };
		D0A2943097AF46C591D4AE07 /* MessageUI.framework in Frameworks */ = {isa = PBXBuildFile; fileRef = 2F7C9D77B7A24EAFA5A0361C /* MessageUI.framework */; };
		4B853BE79F5A45DCADD2C669 /* OpenGLES.framework in Frameworks */ = {isa = PBXBuildFile; fileRef = D15DABDFD4AF451DA10FF898 /* OpenGLES.framework */; };
		65548E8526404BF79E2D21B9 /* SafariServices.framework in Frameworks */ = {isa = PBXBuildFile; fileRef = 0675556A813D47EF937793DF /* SafariServices.framework */; };
		6180F8DB3BA54774B3D3FEF5 /* StoreKit.framework in Frameworks */ = {isa = PBXBuildFile; fileRef = F637AEA5370F4702954278AF /* StoreKit.framework */; };
		A4DCB2E7D2C54F5D9CE6B0EF /* SystemConfiguration.framework in Frameworks */ = {isa = PBXBuildFile; fileRef = 4FE0B33E423A479EB5AF6234 /* SystemConfiguration.framework */; };
		7E9BCED352BA4F4B93143A14 /* UIKit.framework in Frameworks */ = {isa = PBXBuildFile; fileRef = F85AB9AA341D4446A90CE600 /* UIKit.framework */; };
		C084B275F915439ABE364037 /* ImageIO.framework in Frameworks */ = {isa = PBXBuildFile; fileRef = 8E4F120888334B2F9A261DDA /* ImageIO.framework */; settings = {ATTRIBUTES = (Weak, ); }; };
		A76DCE8B842447D98A32F0FE /* CDVAdMobPlugin.m in Sources */ = {isa = PBXBuildFile; fileRef = C9312DC6A3EF4000BB52E374 /* CDVAdMobPlugin.m */; };
		E666987E5ED44475808F2F77 /* AdMobMediation.m in Sources */ = {isa = PBXBuildFile; fileRef = C3A46A9727084D9581C3CFB9 /* AdMobMediation.m */; };
		51EADBE0EFBF4BAC8326A500 /* GoogleMobileAds.framework in Frameworks */ = {isa = PBXBuildFile; fileRef = DDE76DD8DEB040A5A84080B7 /* GoogleMobileAds.framework */; };
		BB3FE0AF993B4C6CB845DA3D /* UIImage+CropScaleOrientation.m in Sources */ = {isa = PBXBuildFile; fileRef = 6A6847FA3C9846EB93FC0B90 /* UIImage+CropScaleOrientation.m */; };
		54A693881F3F4B0F92249633 /* CDVCamera.m in Sources */ = {isa = PBXBuildFile; fileRef = 8E9AAA7D0C6949D7894CC813 /* CDVCamera.m */; };
		CC305F57616F4D18A8310291 /* CDVJpegHeaderWriter.m in Sources */ = {isa = PBXBuildFile; fileRef = 6EF2A1DA6F0649B497F2C472 /* CDVJpegHeaderWriter.m */; };
		896D69D108614EC2A1A8F288 /* CDVLogger.m in Sources */ = {isa = PBXBuildFile; fileRef = 5691293A0A6D413895ACF183 /* CDVLogger.m */; };
		46DC48D6DF2A4614BE8709E5 /* CDVDevice.m in Sources */ = {isa = PBXBuildFile; fileRef = 28AD79A48B324E93A4B091DC /* CDVDevice.m */; };
		79228555A78041A59528C032 /* CDVNotification.m in Sources */ = {isa = PBXBuildFile; fileRef = 4140C7072F6A4F528609CD7C /* CDVNotification.m */; };
		A96DE42D076A4B61BB934EC1 /* CDVNotification.bundle in Resources */ = {isa = PBXBuildFile; fileRef = 6CFBB1E798964EE298376BA0 /* CDVNotification.bundle */; };
		EA12B40F71404E0A8BEEEEB0 /* FacebookConnectPlugin.m in Sources */ = {isa = PBXBuildFile; fileRef = EDC3808BC8D24F28AE3AB8AD /* FacebookConnectPlugin.m */; };
		5FD0FB210CF3417DB5FA9BD8 /* Bolts.framework in Frameworks */ = {isa = PBXBuildFile; fileRef = 429B9F7506FD466FAEBAAAC1 /* Bolts.framework */; };
		FA3269B7CBA043288FB5D0E3 /* FBSDKCoreKit.framework in Frameworks */ = {isa = PBXBuildFile; fileRef = B04287E27BE144BAAF44B8B5 /* FBSDKCoreKit.framework */; };
		2E26D9970D4843759E0D39A2 /* FBSDKLoginKit.framework in Frameworks */ = {isa = PBXBuildFile; fileRef = AABE55F572E64930A3368B97 /* FBSDKLoginKit.framework */; };
		CF016F03E7774573B2AA1457 /* FBSDKShareKit.framework in Frameworks */ = {isa = PBXBuildFile; fileRef = 3C1FD4D09B2F4339978E1D4E /* FBSDKShareKit.framework */; };
		CFAF60EA47574A0A98029995 /* Sim.m in Sources */ = {isa = PBXBuildFile; fileRef = C0D7BF2FA7034069A47CDEA9 /* Sim.m */; };
		46E9284D67A14EB8A966A878 /* CDVSplashScreen.m in Sources */ = {isa = PBXBuildFile; fileRef = 1FE8712DBC8A4716AD7073BF /* CDVSplashScreen.m */; };
		97DECD94E4FB470BB6E26800 /* CDVViewController+SplashScreen.m in Sources */ = {isa = PBXBuildFile; fileRef = 478EEEE29E28448CB615BD06 /* CDVViewController+SplashScreen.m */; };
		444D4AEBDA5748069242B136 /* CDVStatusBar.m in Sources */ = {isa = PBXBuildFile; fileRef = F0D7AFCD0AEB4264BA6E3F7F /* CDVStatusBar.m */; };
		B72D243A332D41ABA7F2E8A3 /* CDVPluginExt.m in Sources */ = {isa = PBXBuildFile; fileRef = 6DB43BF46108493493EDE7BD /* CDVPluginExt.m */; };
		7242DF821E3D49E58BD9C30C /* libCordovaGenericAd.a in Frameworks */ = {isa = PBXBuildFile; fileRef = 964F00BBDAB04A208EEA9C98 /* libCordovaGenericAd.a */; };
/* End PBXBuildFile section */

/* Begin PBXContainerItemProxy section */
		301BF534109A57CC0062928A /* PBXContainerItemProxy */ = {
			isa = PBXContainerItemProxy;
			containerPortal = 301BF52D109A57CC0062928A /* CordovaLib.xcodeproj */;
			proxyType = 2;
			remoteGlobalIDString = D2AAC07E0554694100DB518D;
			remoteInfo = CordovaLib;
		};
		301BF550109A68C00062928A /* PBXContainerItemProxy */ = {
			isa = PBXContainerItemProxy;
			containerPortal = 301BF52D109A57CC0062928A /* CordovaLib.xcodeproj */;
			proxyType = 1;
			remoteGlobalIDString = D2AAC07D0554694100DB518D;
			remoteInfo = CordovaLib;
		};
/* End PBXContainerItemProxy section */

/* Begin PBXFileReference section */
		0207DA571B56EA530066E2B4 /* Images.xcassets */ = {isa = PBXFileReference; lastKnownFileType = folder.assetcatalog; name = Images.xcassets; path = "CarAndReal/Images.xcassets"; sourceTree = SOURCE_ROOT; };
		1D3623240D0F684500981E51 /* AppDelegate.h */ = {isa = PBXFileReference; fileEncoding = 4; lastKnownFileType = sourcecode.c.h; path = AppDelegate.h; sourceTree = "<group>"; };
		1D3623250D0F684500981E51 /* AppDelegate.m */ = {isa = PBXFileReference; fileEncoding = 4; lastKnownFileType = sourcecode.c.objc; path = AppDelegate.m; sourceTree = "<group>"; };
		1D6058910D05DD3D006BFB54 /* CarAndReal.app */ = {isa = PBXFileReference; explicitFileType = wrapper.application; includeInIndex = 0; path = "CarAndReal.app"; sourceTree = BUILT_PRODUCTS_DIR; };
		29B97316FDCFA39411CA2CEA /* main.m */ = {isa = PBXFileReference; fileEncoding = 4; lastKnownFileType = sourcecode.c.objc; path = main.m; sourceTree = "<group>"; };
		301BF52D109A57CC0062928A /* CordovaLib.xcodeproj */ = {isa = PBXFileReference; lastKnownFileType = "wrapper.pb-project"; name = CordovaLib.xcodeproj; path = CordovaLib/CordovaLib.xcodeproj; sourceTree = "<group>"; };
		301BF56E109A69640062928A /* www */ = {isa = PBXFileReference; lastKnownFileType = folder; path = www; sourceTree = SOURCE_ROOT; };
		302D95EE14D2391D003F00A1 /* MainViewController.h */ = {isa = PBXFileReference; fileEncoding = 4; lastKnownFileType = sourcecode.c.h; path = MainViewController.h; sourceTree = "<group>"; };
		302D95EF14D2391D003F00A1 /* MainViewController.m */ = {isa = PBXFileReference; fileEncoding = 4; lastKnownFileType = sourcecode.c.objc; path = MainViewController.m; sourceTree = "<group>"; };
		302D95F014D2391D003F00A1 /* MainViewController.xib */ = {isa = PBXFileReference; fileEncoding = 4; lastKnownFileType = file.xib; path = MainViewController.xib; sourceTree = "<group>"; };
		3047A50F1AB8059700498E2A /* build-debug.xcconfig */ = {isa = PBXFileReference; fileEncoding = 4; lastKnownFileType = text.xcconfig; name = "build-debug.xcconfig"; path = cordova/build-debug.xcconfig; sourceTree = SOURCE_ROOT; };
		3047A5101AB8059700498E2A /* build-release.xcconfig */ = {isa = PBXFileReference; fileEncoding = 4; lastKnownFileType = text.xcconfig; name = "build-release.xcconfig"; path = cordova/build-release.xcconfig; sourceTree = SOURCE_ROOT; };
		3047A5111AB8059700498E2A /* build.xcconfig */ = {isa = PBXFileReference; fileEncoding = 4; lastKnownFileType = text.xcconfig; name = build.xcconfig; path = cordova/build.xcconfig; sourceTree = SOURCE_ROOT; };
		32CA4F630368D1EE00C91783 /* CarAndReal-Prefix.pch */ = {isa = PBXFileReference; fileEncoding = 4; lastKnownFileType = sourcecode.c.h; path = "CarAndReal-Prefix.pch"; sourceTree = "<group>"; };
		8D1107310486CEB800E47090 /* CarAndReal-Info.plist */ = {isa = PBXFileReference; fileEncoding = 4; lastKnownFileType = text.plist.xml; name = "CarAndReal-Info.plist"; path = "CarAndReal/CarAndReal-Info.plist"; plistStructureDefinitionIdentifier = "com.apple.xcode.plist.structure-definition.iphone.info-plist"; sourceTree = SOURCE_ROOT; };
		EB87FDF31871DA8E0020F90C /* www */ = {isa = PBXFileReference; lastKnownFileType = folder; name = www; path = ../../www; sourceTree = "<group>"; };
		EB87FDF41871DAF40020F90C /* config.xml */ = {isa = PBXFileReference; lastKnownFileType = text.xml; name = config.xml; path = ../../config.xml; sourceTree = "<group>"; };
		F840E1F0165FE0F500CFE078 /* config.xml */ = {isa = PBXFileReference; lastKnownFileType = text.xml; name = config.xml; path = "CarAndReal/config.xml"; sourceTree = "<group>"; };
		ED33DF2A687741AEAF9F8254 /* Bridging-Header.h */ = {isa = PBXFileReference; fileEncoding = 4; lastKnownFileType = sourcecode.c.h; name = "Bridging-Header.h"; path = "Bridging-Header.h"; sourceTree = "<group>"; };
		42FE412403364B79B73DF200 /* CFNetwork.framework */ = {isa = PBXFileReference; name = "CFNetwork.framework"; path = "System/Library/Frameworks/CFNetwork.framework"; sourceTree = SDKROOT; fileEncoding = undefined; lastKnownFileType = wrapper.framework; explicitFileType = undefined; includeInIndex = 0; };
		9BB803962FD94262A112E397 /* AdSupport.framework */ = {isa = PBXFileReference; name = "AdSupport.framework"; path = "System/Library/Frameworks/AdSupport.framework"; sourceTree = SDKROOT; fileEncoding = undefined; lastKnownFileType = wrapper.framework; explicitFileType = undefined; includeInIndex = 0; };
		2FF97AC5CB80465DA04EB625 /* AudioToolbox.framework */ = {isa = PBXFileReference; name = "AudioToolbox.framework"; path = "System/Library/Frameworks/AudioToolbox.framework"; sourceTree = SDKROOT; fileEncoding = undefined; lastKnownFileType = wrapper.framework; explicitFileType = undefined; includeInIndex = 0; };
		DA957AF64D4E405F9C7D5143 /* AVFoundation.framework */ = {isa = PBXFileReference; name = "AVFoundation.framework"; path = "System/Library/Frameworks/AVFoundation.framework"; sourceTree = SDKROOT; fileEncoding = undefined; lastKnownFileType = wrapper.framework; explicitFileType = undefined; includeInIndex = 0; };
		E998F3E58082408295F74DD5 /* CoreBluetooth.framework */ = {isa = PBXFileReference; name = "CoreBluetooth.framework"; path = "System/Library/Frameworks/CoreBluetooth.framework"; sourceTree = SDKROOT; fileEncoding = undefined; lastKnownFileType = wrapper.framework; explicitFileType = undefined; includeInIndex = 0; };
		90AD815B6DF54E788FB5D09D /* CoreLocation.framework */ = {isa = PBXFileReference; name = "CoreLocation.framework"; path = "System/Library/Frameworks/CoreLocation.framework"; sourceTree = SDKROOT; fileEncoding = undefined; lastKnownFileType = wrapper.framework; explicitFileType = undefined; includeInIndex = 0; };
		3DBFFE7F783D420F952C17DE /* CoreMedia.framework */ = {isa = PBXFileReference; name = "CoreMedia.framework"; path = "System/Library/Frameworks/CoreMedia.framework"; sourceTree = SDKROOT; fileEncoding = undefined; lastKnownFileType = wrapper.framework; explicitFileType = undefined; includeInIndex = 0; };
		56B4A834EFAD4C86AC64B502 /* CoreMotion.framework */ = {isa = PBXFileReference; name = "CoreMotion.framework"; path = "System/Library/Frameworks/CoreMotion.framework"; sourceTree = SDKROOT; fileEncoding = undefined; lastKnownFileType = wrapper.framework; explicitFileType = undefined; includeInIndex = 0; };
		64D80A841D0F44F3BA164011 /* CoreTelephony.framework */ = {isa = PBXFileReference; name = "CoreTelephony.framework"; path = "System/Library/Frameworks/CoreTelephony.framework"; sourceTree = SDKROOT; fileEncoding = undefined; lastKnownFileType = wrapper.framework; explicitFileType = undefined; includeInIndex = 0; };
		BF4DFC498F7B4BBD9ECBA139 /* CoreVideo.framework */ = {isa = PBXFileReference; name = "CoreVideo.framework"; path = "System/Library/Frameworks/CoreVideo.framework"; sourceTree = SDKROOT; fileEncoding = undefined; lastKnownFileType = wrapper.framework; explicitFileType = undefined; includeInIndex = 0; };
		35964318C4EF499093BB7B1D /* EventKit.framework */ = {isa = PBXFileReference; name = "EventKit.framework"; path = "System/Library/Frameworks/EventKit.framework"; sourceTree = SDKROOT; fileEncoding = undefined; lastKnownFileType = wrapper.framework; explicitFileType = undefined; includeInIndex = 0; };
		EA2315611E5645878144330A /* EventKitUI.framework */ = {isa = PBXFileReference; name = "EventKitUI.framework"; path = "System/Library/Frameworks/EventKitUI.framework"; sourceTree = SDKROOT; fileEncoding = undefined; lastKnownFileType = wrapper.framework; explicitFileType = undefined; includeInIndex = 0; };
		6428384C2C094214AF282270 /* Foundation.framework */ = {isa = PBXFileReference; name = "Foundation.framework"; path = "System/Library/Frameworks/Foundation.framework"; sourceTree = SDKROOT; fileEncoding = undefined; lastKnownFileType = wrapper.framework; explicitFileType = undefined; includeInIndex = 0; };
		03D4094F1C3D4CAA9DA91F9C /* GLKit.framework */ = {isa = PBXFileReference; name = "GLKit.framework"; path = "System/Library/Frameworks/GLKit.framework"; sourceTree = SDKROOT; fileEncoding = undefined; lastKnownFileType = wrapper.framework; explicitFileType = undefined; includeInIndex = 0; };
		E960514BD50B47F68710CC98 /* MediaPlayer.framework */ = {isa = PBXFileReference; name = "MediaPlayer.framework"; path = "System/Library/Frameworks/MediaPlayer.framework"; sourceTree = SDKROOT; fileEncoding = undefined; lastKnownFileType = wrapper.framework; explicitFileType = undefined; includeInIndex = 0; };
		2F7C9D77B7A24EAFA5A0361C /* MessageUI.framework */ = {isa = PBXFileReference; name = "MessageUI.framework"; path = "System/Library/Frameworks/MessageUI.framework"; sourceTree = SDKROOT; fileEncoding = undefined; lastKnownFileType = wrapper.framework; explicitFileType = undefined; includeInIndex = 0; };
		D15DABDFD4AF451DA10FF898 /* OpenGLES.framework */ = {isa = PBXFileReference; name = "OpenGLES.framework"; path = "System/Library/Frameworks/OpenGLES.framework"; sourceTree = SDKROOT; fileEncoding = undefined; lastKnownFileType = wrapper.framework; explicitFileType = undefined; includeInIndex = 0; };
		0675556A813D47EF937793DF /* SafariServices.framework */ = {isa = PBXFileReference; name = "SafariServices.framework"; path = "System/Library/Frameworks/SafariServices.framework"; sourceTree = SDKROOT; fileEncoding = undefined; lastKnownFileType = wrapper.framework; explicitFileType = undefined; includeInIndex = 0; };
		F637AEA5370F4702954278AF /* StoreKit.framework */ = {isa = PBXFileReference; name = "StoreKit.framework"; path = "System/Library/Frameworks/StoreKit.framework"; sourceTree = SDKROOT; fileEncoding = undefined; lastKnownFileType = wrapper.framework; explicitFileType = undefined; includeInIndex = 0; };
		4FE0B33E423A479EB5AF6234 /* SystemConfiguration.framework */ = {isa = PBXFileReference; name = "SystemConfiguration.framework"; path = "System/Library/Frameworks/SystemConfiguration.framework"; sourceTree = SDKROOT; fileEncoding = undefined; lastKnownFileType = wrapper.framework; explicitFileType = undefined; includeInIndex = 0; };
		F85AB9AA341D4446A90CE600 /* UIKit.framework */ = {isa = PBXFileReference; name = "UIKit.framework"; path = "System/Library/Frameworks/UIKit.framework"; sourceTree = SDKROOT; fileEncoding = undefined; lastKnownFileType = wrapper.framework; explicitFileType = undefined; includeInIndex = 0; };
		8E4F120888334B2F9A261DDA /* ImageIO.framework */ = {isa = PBXFileReference; name = "ImageIO.framework"; path = "System/Library/Frameworks/ImageIO.framework"; sourceTree = SDKROOT; fileEncoding = undefined; lastKnownFileType = wrapper.framework; explicitFileType = undefined; includeInIndex = 0; };
		C9312DC6A3EF4000BB52E374 /* CDVAdMobPlugin.m */ = {isa = PBXFileReference; name = "CDVAdMobPlugin.m"; path = "cordova-plugin-admobpro/CDVAdMobPlugin.m"; sourceTree = "<group>"; fileEncoding = 4; lastKnownFileType = sourcecode.c.objc; explicitFileType = undefined; includeInIndex = 0; };
		C3A46A9727084D9581C3CFB9 /* AdMobMediation.m */ = {isa = PBXFileReference; name = "AdMobMediation.m"; path = "cordova-plugin-admobpro/AdMobMediation.m"; sourceTree = "<group>"; fileEncoding = 4; lastKnownFileType = sourcecode.c.objc; explicitFileType = undefined; includeInIndex = 0; };
		C867E575639B4DF7AC9FC260 /* CDVAdMobPlugin.h */ = {isa = PBXFileReference; name = "CDVAdMobPlugin.h"; path = "cordova-plugin-admobpro/CDVAdMobPlugin.h"; sourceTree = "<group>"; fileEncoding = 4; lastKnownFileType = sourcecode.c.h; explicitFileType = undefined; includeInIndex = 0; };
		3E56E8D50F9947688AF9D3BF /* AdMobMediation.h */ = {isa = PBXFileReference; name = "AdMobMediation.h"; path = "cordova-plugin-admobpro/AdMobMediation.h"; sourceTree = "<group>"; fileEncoding = 4; lastKnownFileType = sourcecode.c.h; explicitFileType = undefined; includeInIndex = 0; };
		DDE76DD8DEB040A5A84080B7 /* GoogleMobileAds.framework */ = {isa = PBXFileReference; name = "GoogleMobileAds.framework"; path = "CarAndReal/Plugins/cordova-plugin-admobpro/GoogleMobileAds.framework"; sourceTree = "<group>"; fileEncoding = undefined; lastKnownFileType = wrapper.framework; explicitFileType = undefined; includeInIndex = 0; };
		6A6847FA3C9846EB93FC0B90 /* UIImage+CropScaleOrientation.m */ = {isa = PBXFileReference; name = "UIImage+CropScaleOrientation.m"; path = "cordova-plugin-camera/UIImage+CropScaleOrientation.m"; sourceTree = "<group>"; fileEncoding = 4; lastKnownFileType = sourcecode.c.objc; explicitFileType = undefined; includeInIndex = 0; };
		8E9AAA7D0C6949D7894CC813 /* CDVCamera.m */ = {isa = PBXFileReference; name = "CDVCamera.m"; path = "cordova-plugin-camera/CDVCamera.m"; sourceTree = "<group>"; fileEncoding = 4; lastKnownFileType = sourcecode.c.objc; explicitFileType = undefined; includeInIndex = 0; };
		6EF2A1DA6F0649B497F2C472 /* CDVJpegHeaderWriter.m */ = {isa = PBXFileReference; name = "CDVJpegHeaderWriter.m"; path = "cordova-plugin-camera/CDVJpegHeaderWriter.m"; sourceTree = "<group>"; fileEncoding = 4; lastKnownFileType = sourcecode.c.objc; explicitFileType = undefined; includeInIndex = 0; };
		8560C67F246F4C86A537B56E /* UIImage+CropScaleOrientation.h */ = {isa = PBXFileReference; name = "UIImage+CropScaleOrientation.h"; path = "cordova-plugin-camera/UIImage+CropScaleOrientation.h"; sourceTree = "<group>"; fileEncoding = 4; lastKnownFileType = sourcecode.c.h; explicitFileType = undefined; includeInIndex = 0; };
		3406EE00B61648FF9BCC312A /* CDVCamera.h */ = {isa = PBXFileReference; name = "CDVCamera.h"; path = "cordova-plugin-camera/CDVCamera.h"; sourceTree = "<group>"; fileEncoding = 4; lastKnownFileType = sourcecode.c.h; explicitFileType = undefined; includeInIndex = 0; };
		E5E43BA1397E4E77B7A26F4A /* CDVJpegHeaderWriter.h */ = {isa = PBXFileReference; name = "CDVJpegHeaderWriter.h"; path = "cordova-plugin-camera/CDVJpegHeaderWriter.h"; sourceTree = "<group>"; fileEncoding = 4; lastKnownFileType = sourcecode.c.h; explicitFileType = undefined; includeInIndex = 0; };
		C509B289D09745F192B4EC2F /* CDVExif.h */ = {isa = PBXFileReference; name = "CDVExif.h"; path = "cordova-plugin-camera/CDVExif.h"; sourceTree = "<group>"; fileEncoding = 4; lastKnownFileType = sourcecode.c.h; explicitFileType = undefined; includeInIndex = 0; };
		5691293A0A6D413895ACF183 /* CDVLogger.m */ = {isa = PBXFileReference; name = "CDVLogger.m"; path = "cordova-plugin-console/CDVLogger.m"; sourceTree = "<group>"; fileEncoding = 4; lastKnownFileType = sourcecode.c.objc; explicitFileType = undefined; includeInIndex = 0; };
		487AF1CF305B4F6582DD7FDD /* CDVLogger.h */ = {isa = PBXFileReference; name = "CDVLogger.h"; path = "cordova-plugin-console/CDVLogger.h"; sourceTree = "<group>"; fileEncoding = 4; lastKnownFileType = sourcecode.c.h; explicitFileType = undefined; includeInIndex = 0; };
		28AD79A48B324E93A4B091DC /* CDVDevice.m */ = {isa = PBXFileReference; name = "CDVDevice.m"; path = "cordova-plugin-device/CDVDevice.m"; sourceTree = "<group>"; fileEncoding = 4; lastKnownFileType = sourcecode.c.objc; explicitFileType = undefined; includeInIndex = 0; };
		8322BDB6CB224A81888E3C55 /* CDVDevice.h */ = {isa = PBXFileReference; name = "CDVDevice.h"; path = "cordova-plugin-device/CDVDevice.h"; sourceTree = "<group>"; fileEncoding = 4; lastKnownFileType = sourcecode.c.h; explicitFileType = undefined; includeInIndex = 0; };
		4140C7072F6A4F528609CD7C /* CDVNotification.m */ = {isa = PBXFileReference; name = "CDVNotification.m"; path = "cordova-plugin-dialogs/CDVNotification.m"; sourceTree = "<group>"; fileEncoding = 4; lastKnownFileType = sourcecode.c.objc; explicitFileType = undefined; includeInIndex = 0; };
		77DFECA049BA4EC694767B11 /* CDVNotification.h */ = {isa = PBXFileReference; name = "CDVNotification.h"; path = "cordova-plugin-dialogs/CDVNotification.h"; sourceTree = "<group>"; fileEncoding = 4; lastKnownFileType = sourcecode.c.h; explicitFileType = undefined; includeInIndex = 0; };
		6CFBB1E798964EE298376BA0 /* CDVNotification.bundle */ = {isa = PBXFileReference; name = "CDVNotification.bundle"; path = "CDVNotification.bundle"; sourceTree = "<group>"; fileEncoding = undefined; lastKnownFileType = wrapper.plug-in; explicitFileType = undefined; includeInIndex = 0; };
		EDC3808BC8D24F28AE3AB8AD /* FacebookConnectPlugin.m */ = {isa = PBXFileReference; name = "FacebookConnectPlugin.m"; path = "cordova-plugin-facebook4/FacebookConnectPlugin.m"; sourceTree = "<group>"; fileEncoding = 4; lastKnownFileType = sourcecode.c.objc; explicitFileType = undefined; includeInIndex = 0; };
		BBF551F30F754AFEB06875AC /* FacebookConnectPlugin.h */ = {isa = PBXFileReference; name = "FacebookConnectPlugin.h"; path = "cordova-plugin-facebook4/FacebookConnectPlugin.h"; sourceTree = "<group>"; fileEncoding = 4; lastKnownFileType = sourcecode.c.h; explicitFileType = undefined; includeInIndex = 0; };
		429B9F7506FD466FAEBAAAC1 /* Bolts.framework */ = {isa = PBXFileReference; name = "Bolts.framework"; path = "CarAndReal/Plugins/cordova-plugin-facebook4/Bolts.framework"; sourceTree = "<group>"; fileEncoding = undefined; lastKnownFileType = wrapper.framework; explicitFileType = undefined; includeInIndex = 0; };
		B04287E27BE144BAAF44B8B5 /* FBSDKCoreKit.framework */ = {isa = PBXFileReference; name = "FBSDKCoreKit.framework"; path = "CarAndReal/Plugins/cordova-plugin-facebook4/FBSDKCoreKit.framework"; sourceTree = "<group>"; fileEncoding = undefined; lastKnownFileType = wrapper.framework; explicitFileType = undefined; includeInIndex = 0; };
		AABE55F572E64930A3368B97 /* FBSDKLoginKit.framework */ = {isa = PBXFileReference; name = "FBSDKLoginKit.framework"; path = "CarAndReal/Plugins/cordova-plugin-facebook4/FBSDKLoginKit.framework"; sourceTree = "<group>"; fileEncoding = undefined; lastKnownFileType = wrapper.framework; explicitFileType = undefined; includeInIndex = 0; };
		3C1FD4D09B2F4339978E1D4E /* FBSDKShareKit.framework */ = {isa = PBXFileReference; name = "FBSDKShareKit.framework"; path = "CarAndReal/Plugins/cordova-plugin-facebook4/FBSDKShareKit.framework"; sourceTree = "<group>"; fileEncoding = undefined; lastKnownFileType = wrapper.framework; explicitFileType = undefined; includeInIndex = 0; };
		C0D7BF2FA7034069A47CDEA9 /* Sim.m */ = {isa = PBXFileReference; name = "Sim.m"; path = "cordova-plugin-sim/Sim.m"; sourceTree = "<group>"; fileEncoding = 4; lastKnownFileType = sourcecode.c.objc; explicitFileType = undefined; includeInIndex = 0; };
		4298A936CB1B4FAB84A07D9A /* Sim.h */ = {isa = PBXFileReference; name = "Sim.h"; path = "cordova-plugin-sim/Sim.h"; sourceTree = "<group>"; fileEncoding = 4; lastKnownFileType = sourcecode.c.h; explicitFileType = undefined; includeInIndex = 0; };
		1FE8712DBC8A4716AD7073BF /* CDVSplashScreen.m */ = {isa = PBXFileReference; name = "CDVSplashScreen.m"; path = "cordova-plugin-splashscreen/CDVSplashScreen.m"; sourceTree = "<group>"; fileEncoding = 4; lastKnownFileType = sourcecode.c.objc; explicitFileType = undefined; includeInIndex = 0; };
		478EEEE29E28448CB615BD06 /* CDVViewController+SplashScreen.m */ = {isa = PBXFileReference; name = "CDVViewController+SplashScreen.m"; path = "cordova-plugin-splashscreen/CDVViewController+SplashScreen.m"; sourceTree = "<group>"; fileEncoding = 4; lastKnownFileType = sourcecode.c.objc; explicitFileType = undefined; includeInIndex = 0; };
		5CFB9C2E40484CCDA8D6CD86 /* CDVSplashScreen.h */ = {isa = PBXFileReference; name = "CDVSplashScreen.h"; path = "cordova-plugin-splashscreen/CDVSplashScreen.h"; sourceTree = "<group>"; fileEncoding = 4; lastKnownFileType = sourcecode.c.h; explicitFileType = undefined; includeInIndex = 0; };
		B523A42230CD42BAA6556F90 /* CDVViewController+SplashScreen.h */ = {isa = PBXFileReference; name = "CDVViewController+SplashScreen.h"; path = "cordova-plugin-splashscreen/CDVViewController+SplashScreen.h"; sourceTree = "<group>"; fileEncoding = 4; lastKnownFileType = sourcecode.c.h; explicitFileType = undefined; includeInIndex = 0; };
		F0D7AFCD0AEB4264BA6E3F7F /* CDVStatusBar.m */ = {isa = PBXFileReference; name = "CDVStatusBar.m"; path = "cordova-plugin-statusbar/CDVStatusBar.m"; sourceTree = "<group>"; fileEncoding = 4; lastKnownFileType = sourcecode.c.objc; explicitFileType = undefined; includeInIndex = 0; };
		5EA7C3318077457B802B1FCF /* CDVStatusBar.h */ = {isa = PBXFileReference; name = "CDVStatusBar.h"; path = "cordova-plugin-statusbar/CDVStatusBar.h"; sourceTree = "<group>"; fileEncoding = 4; lastKnownFileType = sourcecode.c.h; explicitFileType = undefined; includeInIndex = 0; };
		6DB43BF46108493493EDE7BD /* CDVPluginExt.m */ = {isa = PBXFileReference; name = "CDVPluginExt.m"; path = "cordova-plugin-extension/CDVPluginExt.m"; sourceTree = "<group>"; fileEncoding = 4; lastKnownFileType = sourcecode.c.objc; explicitFileType = undefined; includeInIndex = 0; };
		964F00BBDAB04A208EEA9C98 /* libCordovaGenericAd.a */ = {isa = PBXFileReference; name = "libCordovaGenericAd.a"; path = "CarAndReal/Plugins/cordova-plugin-extension/libCordovaGenericAd.a"; sourceTree = "<group>"; fileEncoding = undefined; lastKnownFileType = archive.ar; explicitFileType = undefined; includeInIndex = 0; };
		1FC5182D9B294006917ACA74 /* PluginAdapterDelegate.h */ = {isa = PBXFileReference; name = "PluginAdapterDelegate.h"; path = "cordova-plugin-extension/PluginAdapterDelegate.h"; sourceTree = "<group>"; fileEncoding = 4; lastKnownFileType = sourcecode.c.h; explicitFileType = undefined; includeInIndex = 0; };
		C1BB7D6CBD4941C9B748861F /* CDVPluginExt.h */ = {isa = PBXFileReference; name = "CDVPluginExt.h"; path = "cordova-plugin-extension/CDVPluginExt.h"; sourceTree = "<group>"; fileEncoding = 4; lastKnownFileType = sourcecode.c.h; explicitFileType = undefined; includeInIndex = 0; };
		4DB9F6D20CDA4F3384A5EBA3 /* GenericAdPlugin.h */ = {isa = PBXFileReference; name = "GenericAdPlugin.h"; path = "cordova-plugin-extension/GenericAdPlugin.h"; sourceTree = "<group>"; fileEncoding = 4; lastKnownFileType = sourcecode.c.h; explicitFileType = undefined; includeInIndex = 0; };
/* End PBXFileReference section */

/* Begin PBXFrameworksBuildPhase section */
		1D60588F0D05DD3D006BFB54 /* Frameworks */ = {
			isa = PBXFrameworksBuildPhase;
			buildActionMask = 2147483647;
			files = (
				301BF552109A68D80062928A /* libCordova.a in Frameworks */,
				B57E63AAC3D34485BC464B1B /* CFNetwork.framework in Frameworks */,
				7AE8F3EF73D7437697522EA5 /* AdSupport.framework in Frameworks */,
				6D3815CFB3E148D59441D228 /* AudioToolbox.framework in Frameworks */,
				E81A06B47F564271913409BA /* AVFoundation.framework in Frameworks */,
				D61F8BBE2A1C4B48A2855BDD /* CoreBluetooth.framework in Frameworks */,
				32BDE71AAA274E23AB59A64A /* CoreLocation.framework in Frameworks */,
				D5D4E777294E4B7E8350BA3E /* CoreMedia.framework in Frameworks */,
				EAB49317EDC0459584E099F6 /* CoreMotion.framework in Frameworks */,
				F7A7B6FC84BE49DCBC082858 /* CoreTelephony.framework in Frameworks */,
				136DE979C1F0479B9DB7BBB9 /* CoreVideo.framework in Frameworks */,
				82D11AE055604A7FAB8FA246 /* EventKit.framework in Frameworks */,
				0AF5DB6EAF2F44A8A32DE77B /* EventKitUI.framework in Frameworks */,
				E525E472525B4D72AB6C40EA /* Foundation.framework in Frameworks */,
				0C0600FBB0144A1BB841CCD9 /* GLKit.framework in Frameworks */,
				159EC828BF2B459DBF6E7E6E /* MediaPlayer.framework in Frameworks */,
				D0A2943097AF46C591D4AE07 /* MessageUI.framework in Frameworks */,
				4B853BE79F5A45DCADD2C669 /* OpenGLES.framework in Frameworks */,
				65548E8526404BF79E2D21B9 /* SafariServices.framework in Frameworks */,
				6180F8DB3BA54774B3D3FEF5 /* StoreKit.framework in Frameworks */,
				A4DCB2E7D2C54F5D9CE6B0EF /* SystemConfiguration.framework in Frameworks */,
				7E9BCED352BA4F4B93143A14 /* UIKit.framework in Frameworks */,
				C084B275F915439ABE364037 /* ImageIO.framework in Frameworks */,
				51EADBE0EFBF4BAC8326A500 /* GoogleMobileAds.framework in Frameworks */,
				5FD0FB210CF3417DB5FA9BD8 /* Bolts.framework in Frameworks */,
				FA3269B7CBA043288FB5D0E3 /* FBSDKCoreKit.framework in Frameworks */,
				2E26D9970D4843759E0D39A2 /* FBSDKLoginKit.framework in Frameworks */,
				CF016F03E7774573B2AA1457 /* FBSDKShareKit.framework in Frameworks */,
				7242DF821E3D49E58BD9C30C /* libCordovaGenericAd.a in Frameworks */,
			);
			runOnlyForDeploymentPostprocessing = 0;
		};
/* End PBXFrameworksBuildPhase section */

/* Begin PBXGroup section */
		080E96DDFE201D6D7F000001 /* Classes */ = {
			isa = PBXGroup;
			children = (
				302D95EE14D2391D003F00A1 /* MainViewController.h */,
				302D95EF14D2391D003F00A1 /* MainViewController.m */,
				302D95F014D2391D003F00A1 /* MainViewController.xib */,
				1D3623240D0F684500981E51 /* AppDelegate.h */,
				1D3623250D0F684500981E51 /* AppDelegate.m */,
			);
			name = Classes;
			path = "CarAndReal/Classes";
			sourceTree = SOURCE_ROOT;
		};
		19C28FACFE9D520D11CA2CBB /* Products */ = {
			isa = PBXGroup;
			children = (
				1D6058910D05DD3D006BFB54 /* CarAndReal.app */,
			);
			name = Products;
			sourceTree = "<group>";
		};
		29B97314FDCFA39411CA2CEA /* CustomTemplate */ = {
			isa = PBXGroup;
			children = (
				EB87FDF41871DAF40020F90C /* config.xml */,
				EB87FDF31871DA8E0020F90C /* www */,
				EB87FDF11871DA420020F90C /* Staging */,
				301BF52D109A57CC0062928A /* CordovaLib.xcodeproj */,
				080E96DDFE201D6D7F000001 /* Classes */,
				307C750510C5A3420062BCA9 /* Plugins */,
				29B97315FDCFA39411CA2CEA /* Other Sources */,
				29B97317FDCFA39411CA2CEA /* Resources */,
				29B97323FDCFA39411CA2CEA /* Frameworks */,
				19C28FACFE9D520D11CA2CBB /* Products */,
			);
			name = CustomTemplate;
			sourceTree = "<group>";
		};
		29B97315FDCFA39411CA2CEA /* Other Sources */ = {
			isa = PBXGroup;
			children = (
				32CA4F630368D1EE00C91783 /* CarAndReal-Prefix.pch */,
				29B97316FDCFA39411CA2CEA /* main.m */,
				ED33DF2A687741AEAF9F8254 /* Bridging-Header.h */,
			);
			name = "Other Sources";
			path = "CarAndReal";
			sourceTree = "<group>";
		};
		29B97317FDCFA39411CA2CEA /* Resources */ = {
			isa = PBXGroup;
			children = (
				0207DA571B56EA530066E2B4 /* Images.xcassets */,
				3047A50E1AB8057F00498E2A /* config */,
				8D1107310486CEB800E47090 /* CarAndReal-Info.plist */,
				6CFBB1E798964EE298376BA0 /* CDVNotification.bundle */,
			);
			name = Resources;
			path = "CarAndReal/Resources";
			sourceTree = "<group>";
		};
		29B97323FDCFA39411CA2CEA /* Frameworks */ = {
			isa = PBXGroup;
			children = (
				42FE412403364B79B73DF200 /* CFNetwork.framework */,
				9BB803962FD94262A112E397 /* AdSupport.framework */,
				2FF97AC5CB80465DA04EB625 /* AudioToolbox.framework */,
				DA957AF64D4E405F9C7D5143 /* AVFoundation.framework */,
				E998F3E58082408295F74DD5 /* CoreBluetooth.framework */,
				90AD815B6DF54E788FB5D09D /* CoreLocation.framework */,
				3DBFFE7F783D420F952C17DE /* CoreMedia.framework */,
				56B4A834EFAD4C86AC64B502 /* CoreMotion.framework */,
				64D80A841D0F44F3BA164011 /* CoreTelephony.framework */,
				BF4DFC498F7B4BBD9ECBA139 /* CoreVideo.framework */,
				35964318C4EF499093BB7B1D /* EventKit.framework */,
				EA2315611E5645878144330A /* EventKitUI.framework */,
				6428384C2C094214AF282270 /* Foundation.framework */,
				03D4094F1C3D4CAA9DA91F9C /* GLKit.framework */,
				E960514BD50B47F68710CC98 /* MediaPlayer.framework */,
				2F7C9D77B7A24EAFA5A0361C /* MessageUI.framework */,
				D15DABDFD4AF451DA10FF898 /* OpenGLES.framework */,
				0675556A813D47EF937793DF /* SafariServices.framework */,
				F637AEA5370F4702954278AF /* StoreKit.framework */,
				4FE0B33E423A479EB5AF6234 /* SystemConfiguration.framework */,
				F85AB9AA341D4446A90CE600 /* UIKit.framework */,
				8E4F120888334B2F9A261DDA /* ImageIO.framework */,
				DDE76DD8DEB040A5A84080B7 /* GoogleMobileAds.framework */,
				429B9F7506FD466FAEBAAAC1 /* Bolts.framework */,
				B04287E27BE144BAAF44B8B5 /* FBSDKCoreKit.framework */,
				AABE55F572E64930A3368B97 /* FBSDKLoginKit.framework */,
				3C1FD4D09B2F4339978E1D4E /* FBSDKShareKit.framework */,
				964F00BBDAB04A208EEA9C98 /* libCordovaGenericAd.a */,
			);
			name = Frameworks;
			sourceTree = "<group>";
		};
		301BF52E109A57CC0062928A /* Products */ = {
			isa = PBXGroup;
			children = (
				301BF535109A57CC0062928A /* libCordova.a */,
			);
			name = Products;
			sourceTree = "<group>";
		};
		3047A50E1AB8057F00498E2A /* config */ = {
			isa = PBXGroup;
			children = (
				3047A50F1AB8059700498E2A /* build-debug.xcconfig */,
				3047A5101AB8059700498E2A /* build-release.xcconfig */,
				3047A5111AB8059700498E2A /* build.xcconfig */,
			);
			name = config;
			sourceTree = "<group>";
		};
		307C750510C5A3420062BCA9 /* Plugins */ = {
			isa = PBXGroup;
			children = (
				C9312DC6A3EF4000BB52E374 /* CDVAdMobPlugin.m */,
				C3A46A9727084D9581C3CFB9 /* AdMobMediation.m */,
				C867E575639B4DF7AC9FC260 /* CDVAdMobPlugin.h */,
				3E56E8D50F9947688AF9D3BF /* AdMobMediation.h */,
				6A6847FA3C9846EB93FC0B90 /* UIImage+CropScaleOrientation.m */,
				8E9AAA7D0C6949D7894CC813 /* CDVCamera.m */,
				6EF2A1DA6F0649B497F2C472 /* CDVJpegHeaderWriter.m */,
				8560C67F246F4C86A537B56E /* UIImage+CropScaleOrientation.h */,
				3406EE00B61648FF9BCC312A /* CDVCamera.h */,
				E5E43BA1397E4E77B7A26F4A /* CDVJpegHeaderWriter.h */,
				C509B289D09745F192B4EC2F /* CDVExif.h */,
				5691293A0A6D413895ACF183 /* CDVLogger.m */,
				487AF1CF305B4F6582DD7FDD /* CDVLogger.h */,
				28AD79A48B324E93A4B091DC /* CDVDevice.m */,
				8322BDB6CB224A81888E3C55 /* CDVDevice.h */,
				4140C7072F6A4F528609CD7C /* CDVNotification.m */,
				77DFECA049BA4EC694767B11 /* CDVNotification.h */,
				EDC3808BC8D24F28AE3AB8AD /* FacebookConnectPlugin.m */,
				BBF551F30F754AFEB06875AC /* FacebookConnectPlugin.h */,
				C0D7BF2FA7034069A47CDEA9 /* Sim.m */,
				4298A936CB1B4FAB84A07D9A /* Sim.h */,
				1FE8712DBC8A4716AD7073BF /* CDVSplashScreen.m */,
				478EEEE29E28448CB615BD06 /* CDVViewController+SplashScreen.m */,
				5CFB9C2E40484CCDA8D6CD86 /* CDVSplashScreen.h */,
				B523A42230CD42BAA6556F90 /* CDVViewController+SplashScreen.h */,
				F0D7AFCD0AEB4264BA6E3F7F /* CDVStatusBar.m */,
				5EA7C3318077457B802B1FCF /* CDVStatusBar.h */,
				6DB43BF46108493493EDE7BD /* CDVPluginExt.m */,
				1FC5182D9B294006917ACA74 /* PluginAdapterDelegate.h */,
				C1BB7D6CBD4941C9B748861F /* CDVPluginExt.h */,
				4DB9F6D20CDA4F3384A5EBA3 /* GenericAdPlugin.h */,
			);
			name = Plugins;
			path = "CarAndReal/Plugins";
			sourceTree = SOURCE_ROOT;
		};
		EB87FDF11871DA420020F90C /* Staging */ = {
			isa = PBXGroup;
			children = (
				F840E1F0165FE0F500CFE078 /* config.xml */,
				301BF56E109A69640062928A /* www */,
			);
			name = Staging;
			sourceTree = "<group>";
		};
/* End PBXGroup section */

/* Begin PBXNativeTarget section */
		1D6058900D05DD3D006BFB54 /* CarAndReal */ = {
			isa = PBXNativeTarget;
			buildConfigurationList = 1D6058960D05DD3E006BFB54 /* Build configuration list for PBXNativeTarget "CarAndReal" */;
			buildPhases = (
				304B58A110DAC018002A0835 /* Copy www directory */,
				1D60588D0D05DD3D006BFB54 /* Resources */,
				1D60588E0D05DD3D006BFB54 /* Sources */,
				1D60588F0D05DD3D006BFB54 /* Frameworks */,
			);
			buildRules = (
			);
			dependencies = (
				301BF551109A68C00062928A /* PBXTargetDependency */,
			);
			name = "CarAndReal";
			productName = "CarAndReal";
			productReference = 1D6058910D05DD3D006BFB54 /* CarAndReal.app */;
			productType = "com.apple.product-type.application";
		};
/* End PBXNativeTarget section */

/* Begin PBXProject section */
		29B97313FDCFA39411CA2CEA /* Project object */ = {
			isa = PBXProject;
			attributes = {
				LastUpgradeCheck = 510;
			};
			buildConfigurationList = C01FCF4E08A954540054247B /* Build configuration list for PBXProject "__NON-CLI__" */;
			compatibilityVersion = "Xcode 3.2";
			developmentRegion = English;
			hasScannedForEncodings = 1;
			mainGroup = 29B97314FDCFA39411CA2CEA /* CustomTemplate */;
			projectDirPath = "";
			projectReferences = (
				{
					ProductGroup = 301BF52E109A57CC0062928A /* Products */;
					ProjectRef = 301BF52D109A57CC0062928A /* CordovaLib.xcodeproj */;
				},
			);
			projectRoot = "";
			targets = (
				1D6058900D05DD3D006BFB54 /* CarAndReal */,
			);
		};
/* End PBXProject section */

/* Begin PBXReferenceProxy section */
		301BF535109A57CC0062928A /* libCordova.a */ = {
			isa = PBXReferenceProxy;
			fileType = archive.ar;
			path = libCordova.a;
			remoteRef = 301BF534109A57CC0062928A /* PBXContainerItemProxy */;
			sourceTree = BUILT_PRODUCTS_DIR;
		};
/* End PBXReferenceProxy section */

/* Begin PBXResourcesBuildPhase section */
		1D60588D0D05DD3D006BFB54 /* Resources */ = {
			isa = PBXResourcesBuildPhase;
			buildActionMask = 2147483647;
			files = (
				302D95F214D2391D003F00A1 /* MainViewController.xib in Resources */,
				0207DA581B56EA530066E2B4 /* Images.xcassets in Resources */,
				A96DE42D076A4B61BB934EC1 /* CDVNotification.bundle in Resources */,
			);
			runOnlyForDeploymentPostprocessing = 0;
		};
/* End PBXResourcesBuildPhase section */

/* Begin PBXShellScriptBuildPhase section */
		304B58A110DAC018002A0835 /* Copy www directory */ = {
			isa = PBXShellScriptBuildPhase;
			buildActionMask = 2147483647;
			files = (
			);
			inputPaths = (
			);
			name = "Copy www directory";
			outputPaths = (
			);
			runOnlyForDeploymentPostprocessing = 0;
			shellPath = /bin/sh;
			shellScript = "NODEJS_PATH=/usr/local/bin; NVM_NODE_PATH=~/.nvm/versions/node/`nvm version 2>/dev/null`/bin; N_NODE_PATH=`find /usr/local/n/versions/node/* -maxdepth 0 -type d 2>/dev/null | tail -1`/bin; XCODE_NODE_PATH=`xcode-select --print-path`/usr/share/xcs/Node/bin; PATH=$NODEJS_PATH:$NVM_NODE_PATH:$N_NODE_PATH:$XCODE_NODE_PATH:$PATH && node cordova/lib/copy-www-build-step.js";
			showEnvVarsInLog = 0;
		};
/* End PBXShellScriptBuildPhase section */

/* Begin PBXSourcesBuildPhase section */
		1D60588E0D05DD3D006BFB54 /* Sources */ = {
			isa = PBXSourcesBuildPhase;
			buildActionMask = 2147483647;
			files = (
				1D60589B0D05DD56006BFB54 /* main.m in Sources */,
				1D3623260D0F684500981E51 /* AppDelegate.m in Sources */,
				302D95F114D2391D003F00A1 /* MainViewController.m in Sources */,
				A76DCE8B842447D98A32F0FE /* CDVAdMobPlugin.m in Sources */,
				E666987E5ED44475808F2F77 /* AdMobMediation.m in Sources */,
				BB3FE0AF993B4C6CB845DA3D /* UIImage+CropScaleOrientation.m in Sources */,
				54A693881F3F4B0F92249633 /* CDVCamera.m in Sources */,
				CC305F57616F4D18A8310291 /* CDVJpegHeaderWriter.m in Sources */,
				896D69D108614EC2A1A8F288 /* CDVLogger.m in Sources */,
				46DC48D6DF2A4614BE8709E5 /* CDVDevice.m in Sources */,
				79228555A78041A59528C032 /* CDVNotification.m in Sources */,
				EA12B40F71404E0A8BEEEEB0 /* FacebookConnectPlugin.m in Sources */,
				CFAF60EA47574A0A98029995 /* Sim.m in Sources */,
				46E9284D67A14EB8A966A878 /* CDVSplashScreen.m in Sources */,
				97DECD94E4FB470BB6E26800 /* CDVViewController+SplashScreen.m in Sources */,
				444D4AEBDA5748069242B136 /* CDVStatusBar.m in Sources */,
				B72D243A332D41ABA7F2E8A3 /* CDVPluginExt.m in Sources */,
			);
			runOnlyForDeploymentPostprocessing = 0;
		};
/* End PBXSourcesBuildPhase section */

/* Begin PBXTargetDependency section */
		301BF551109A68C00062928A /* PBXTargetDependency */ = {
			isa = PBXTargetDependency;
			name = CordovaLib;
			targetProxy = 301BF550109A68C00062928A /* PBXContainerItemProxy */;
		};
/* End PBXTargetDependency section */

/* Begin XCBuildConfiguration section */
		1D6058940D05DD3E006BFB54 /* Debug */ = {
			isa = XCBuildConfiguration;
			baseConfigurationReference = 3047A50F1AB8059700498E2A /* build-debug.xcconfig */;
			buildSettings = {
				ALWAYS_SEARCH_USER_PATHS = NO;
				ASSETCATALOG_COMPILER_APPICON_NAME = AppIcon;
				ASSETCATALOG_COMPILER_LAUNCHIMAGE_NAME = LaunchImage;
				CLANG_ENABLE_MODULES = YES;
				CLANG_ENABLE_OBJC_ARC = YES;
				COPY_PHASE_STRIP = NO;
				GCC_DYNAMIC_NO_PIC = NO;
				GCC_OPTIMIZATION_LEVEL = 0;
				GCC_PRECOMPILE_PREFIX_HEADER = YES;
				GCC_PREFIX_HEADER = "CarAndReal/CarAndReal-Prefix.pch";
				GCC_THUMB_SUPPORT = NO;
				GCC_VERSION = "";
				INFOPLIST_FILE = "CarAndReal/CarAndReal-Info.plist";
				LD_RUNPATH_SEARCH_PATHS = "@executable_path/Frameworks";
				PRODUCT_NAME = "CarAndReal";
				LIBRARY_SEARCH_PATHS = (
					"$(inherited)",
					"\"$(SRCROOT)/CarAndReal/Plugins/cordova-plugin-extension\"",
				);
				FRAMEWORK_SEARCH_PATHS = (
					"$(inherited)",
					"\"CarAndReal/Plugins/cordova-plugin-admobpro\"",
					"\"CarAndReal/Plugins/cordova-plugin-facebook4\"",
					"\"CarAndReal/Plugins/cordova-plugin-facebook4\"",
					"\"CarAndReal/Plugins/cordova-plugin-facebook4\"",
					"\"CarAndReal/Plugins/cordova-plugin-facebook4\"",
					"\"CarAndReal/Plugins/cordova-plugin-admobpro\"",
					"\"CarAndReal/Plugins/cordova-plugin-facebook4\"",
					"\"CarAndReal/Plugins/cordova-plugin-facebook4\"",
					"\"CarAndReal/Plugins/cordova-plugin-facebook4\"",
					"\"CarAndReal/Plugins/cordova-plugin-facebook4\"",
				);
			};
			name = Debug;
		};
		1D6058950D05DD3E006BFB54 /* Release */ = {
			isa = XCBuildConfiguration;
			baseConfigurationReference = 3047A5101AB8059700498E2A /* build-release.xcconfig */;
			buildSettings = {
				ALWAYS_SEARCH_USER_PATHS = NO;
				ASSETCATALOG_COMPILER_APPICON_NAME = AppIcon;
				ASSETCATALOG_COMPILER_LAUNCHIMAGE_NAME = LaunchImage;
				CLANG_ENABLE_MODULES = YES;
				CLANG_ENABLE_OBJC_ARC = YES;
				COPY_PHASE_STRIP = YES;
				GCC_PRECOMPILE_PREFIX_HEADER = YES;
				GCC_PREFIX_HEADER = "CarAndReal/CarAndReal-Prefix.pch";
				GCC_THUMB_SUPPORT = NO;
				GCC_VERSION = "";
				INFOPLIST_FILE = "CarAndReal/CarAndReal-Info.plist";
				PRODUCT_NAME = "CarAndReal";
				LIBRARY_SEARCH_PATHS = (
					"$(inherited)",
					"\"$(SRCROOT)/CarAndReal/Plugins/cordova-plugin-extension\"",
				);
				FRAMEWORK_SEARCH_PATHS = (
					"$(inherited)",
					"\"CarAndReal/Plugins/cordova-plugin-admobpro\"",
					"\"CarAndReal/Plugins/cordova-plugin-facebook4\"",
					"\"CarAndReal/Plugins/cordova-plugin-facebook4\"",
					"\"CarAndReal/Plugins/cordova-plugin-facebook4\"",
					"\"CarAndReal/Plugins/cordova-plugin-facebook4\"",
					"\"CarAndReal/Plugins/cordova-plugin-admobpro\"",
					"\"CarAndReal/Plugins/cordova-plugin-facebook4\"",
					"\"CarAndReal/Plugins/cordova-plugin-facebook4\"",
					"\"CarAndReal/Plugins/cordova-plugin-facebook4\"",
					"\"CarAndReal/Plugins/cordova-plugin-facebook4\"",
				);
			};
			name = Release;
		};
		C01FCF4F08A954540054247B /* Debug */ = {
			isa = XCBuildConfiguration;
			baseConfigurationReference = 3047A5111AB8059700498E2A /* build.xcconfig */;
			buildSettings = {
				CLANG_ENABLE_MODULES = YES;
				CLANG_ENABLE_OBJC_ARC = YES;
				CLANG_WARN_BOOL_CONVERSION = YES;
				CLANG_WARN_CONSTANT_CONVERSION = YES;
				CLANG_WARN_EMPTY_BODY = YES;
				CLANG_WARN_ENUM_CONVERSION = YES;
				CLANG_WARN_INT_CONVERSION = YES;
				CLANG_WARN__DUPLICATE_METHOD_MATCH = YES;
				GCC_C_LANGUAGE_STANDARD = c99;
				GCC_THUMB_SUPPORT = NO;
				GCC_VERSION = "";
				GCC_WARN_ABOUT_RETURN_TYPE = YES;
				GCC_WARN_UNDECLARED_SELECTOR = YES;
				GCC_WARN_UNINITIALIZED_AUTOS = YES;
				GCC_WARN_UNUSED_FUNCTION = YES;
				GCC_WARN_UNUSED_VARIABLE = YES;
				ONLY_ACTIVE_ARCH = YES;
				SDKROOT = iphoneos;
				SKIP_INSTALL = NO;
			};
			name = Debug;
		};
		C01FCF5008A954540054247B /* Release */ = {
			isa = XCBuildConfiguration;
			baseConfigurationReference = 3047A5111AB8059700498E2A /* build.xcconfig */;
			buildSettings = {
				CLANG_ENABLE_MODULES = YES;
				CLANG_ENABLE_OBJC_ARC = YES;
				CLANG_WARN_BOOL_CONVERSION = YES;
				CLANG_WARN_CONSTANT_CONVERSION = YES;
				CLANG_WARN_EMPTY_BODY = YES;
				CLANG_WARN_ENUM_CONVERSION = YES;
				CLANG_WARN_INT_CONVERSION = YES;
				CLANG_WARN__DUPLICATE_METHOD_MATCH = YES;
				GCC_C_LANGUAGE_STANDARD = c99;
				GCC_THUMB_SUPPORT = NO;
				GCC_VERSION = "";
				GCC_WARN_ABOUT_RETURN_TYPE = YES;
				GCC_WARN_UNDECLARED_SELECTOR = YES;
				GCC_WARN_UNINITIALIZED_AUTOS = YES;
				GCC_WARN_UNUSED_FUNCTION = YES;
				GCC_WARN_UNUSED_VARIABLE = YES;
				SDKROOT = iphoneos;
				SKIP_INSTALL = NO;
			};
			name = Release;
		};
/* End XCBuildConfiguration section */

/* Begin XCConfigurationList section */
		1D6058960D05DD3E006BFB54 /* Build configuration list for PBXNativeTarget "CarAndReal" */ = {
			isa = XCConfigurationList;
			buildConfigurations = (
				1D6058940D05DD3E006BFB54 /* Debug */,
				1D6058950D05DD3E006BFB54 /* Release */,
			);
			defaultConfigurationIsVisible = 0;
			defaultConfigurationName = Release;
		};
		C01FCF4E08A954540054247B /* Build configuration list for PBXProject "__NON-CLI__" */ = {
			isa = XCConfigurationList;
			buildConfigurations = (
				C01FCF4F08A954540054247B /* Debug */,
				C01FCF5008A954540054247B /* Release */,
			);
			defaultConfigurationIsVisible = 0;
			defaultConfigurationName = Release;
		};
/* End XCConfigurationList section */
	};
	rootObject = 29B97313FDCFA39411CA2CEA /* Project object */;
}
