// !$*UTF8*$!
{
	archiveVersion = 1;
	classes = {
	};
	objectVersion = 46;
	objects = {
/* Begin PBXBuildFile section */
		0207DA581B56EA530066E2B4 /* Images.xcassets in Resources */ = {isa = PBXBuildFile; fileRef = 0207DA571B56EA530066E2B4 /* Images.xcassets */; };
		1D3623260D0F684500981E51 /* AppDelegate.m in Sources */ = {isa = PBXBuildFile; fileRef = 1D3623250D0F684500981E51 /* AppDelegate.m */; };
		1D60589B0D05DD56006BFB54 /* main.m in Sources */ = {isa = PBXBuildFile; fileRef = 29B97316FDCFA39411CA2CEA /* main.m */; };
		301BF552109A68D80062928A /* libCordova.a in Frameworks */ = {isa = PBXBuildFile; fileRef = 301BF535109A57CC0062928A /* libCordova.a */; };
		302D95F114D2391D003F00A1 /* MainViewController.m in Sources */ = {isa = PBXBuildFile; fileRef = 302D95EF14D2391D003F00A1 /* MainViewController.m */; };
		302D95F214D2391D003F00A1 /* MainViewController.xib in Resources */ = {isa = PBXBuildFile; fileRef = 302D95F014D2391D003F00A1 /* MainViewController.xib */; };
		3047A5121AB8059700498E2A /* build-debug.xcconfig in Resources */ = {isa = PBXBuildFile; fileRef = 3047A50F1AB8059700498E2A /* build-debug.xcconfig */; };
		3047A5131AB8059700498E2A /* build-release.xcconfig in Resources */ = {isa = PBXBuildFile; fileRef = 3047A5101AB8059700498E2A /* build-release.xcconfig */; };
		3047A5141AB8059700498E2A /* build.xcconfig in Resources */ = {isa = PBXBuildFile; fileRef = 3047A5111AB8059700498E2A /* build.xcconfig */; };
		BECE35444D5747F592AEEC37 /* ImageIO.framework in Frameworks */ = {isa = PBXBuildFile; fileRef = EE73EEDD23F1435CB0D3EE87 /* ImageIO.framework */; settings = {ATTRIBUTES = (Weak, ); }; };
		93B8FA97C5AD4FF09C583E36 /* CoreLocation.framework in Frameworks */ = {isa = PBXBuildFile; fileRef = 3AB30D955796401BBB30BF8C /* CoreLocation.framework */; };
		EA9B3D750A7743499C1DEB40 /* AVFoundation.framework in Frameworks */ = {isa = PBXBuildFile; fileRef = 3B12A45BE8C7424F9D2F3BB2 /* AVFoundation.framework */; };
		5CB73C0FE25F48B9A5EF3764 /* CoreTelephony.framework in Frameworks */ = {isa = PBXBuildFile; fileRef = 4F1DC45B6DE14F4894D4ED36 /* CoreTelephony.framework */; };
		84FB7EEA0CA54F52977F39F6 /* UIImage+CropScaleOrientation.m in Sources */ = {isa = PBXBuildFile; fileRef = 05E019A1D63C4D919A26E40E /* UIImage+CropScaleOrientation.m */; };
		0E3181A2AA054A3B9B9B8354 /* CDVCamera.m in Sources */ = {isa = PBXBuildFile; fileRef = 9278C2A49B2D4312B4E2364E /* CDVCamera.m */; };
		C483A3FD05A74987B0B5FBC2 /* CDVJpegHeaderWriter.m in Sources */ = {isa = PBXBuildFile; fileRef = CC6E246E95B1464B8467F4B4 /* CDVJpegHeaderWriter.m */; };
		C926CD3697E54B26BC5F7662 /* CDVLogger.m in Sources */ = {isa = PBXBuildFile; fileRef = 56CE21F75BBD41A999BDA863 /* CDVLogger.m */; };
		054261C7608A4FD2B3EA038D /* CDVDevice.m in Sources */ = {isa = PBXBuildFile; fileRef = 5A606ED1B7934188901CE24C /* CDVDevice.m */; };
		03B7A474DD854573908C0AD3 /* FacebookConnectPlugin.m in Sources */ = {isa = PBXBuildFile; fileRef = 5A9D40ADBE2B48488D9D271A /* FacebookConnectPlugin.m */; };
		9538A2E9738C4EA29737069A /* Bolts.framework in Frameworks */ = {isa = PBXBuildFile; fileRef = ACF6C5BAEE6E4841AE85EE1A /* Bolts.framework */; };
		0874521BB0494139AC97DB39 /* FBSDKCoreKit.framework in Frameworks */ = {isa = PBXBuildFile; fileRef = 4A01FBDDFD5646AEB003B2D9 /* FBSDKCoreKit.framework */; };
		BC168582086447D58B023C74 /* FBSDKLoginKit.framework in Frameworks */ = {isa = PBXBuildFile; fileRef = A847B1488D594E27A2BF5B89 /* FBSDKLoginKit.framework */; };
		C45197624A25430AA64EF908 /* FBSDKShareKit.framework in Frameworks */ = {isa = PBXBuildFile; fileRef = 22D6B4D8BE5340E8BD73EB58 /* FBSDKShareKit.framework */; };
		AC7961AE49B14A6D8BFB0D9D /* Sim.m in Sources */ = {isa = PBXBuildFile; fileRef = 889EE97C29CC43C8A4419C2C /* Sim.m */; };
		325094CEBEE24028997F3F94 /* CDVSplashScreen.m in Sources */ = {isa = PBXBuildFile; fileRef = 66DAC4F5D3844BDEAB36616A /* CDVSplashScreen.m */; };
		684C60CA33144BD6B649375E /* CDVViewController+SplashScreen.m in Sources */ = {isa = PBXBuildFile; fileRef = A756DB1FA4584A9AB14757B7 /* CDVViewController+SplashScreen.m */; };
		E1598E032DC3455DB431778F /* CDVPluginExt.m in Sources */ = {isa = PBXBuildFile; fileRef = 0DD0A700ED1E4A29A6BE15F5 /* CDVPluginExt.m */; };
		02EC92F90A4047EFB27597BA /* libCordovaGenericAd.a in Frameworks */ = {isa = PBXBuildFile; fileRef = BB682F989F6546C18624A602 /* libCordovaGenericAd.a */; };
		CA9822F6C2D4454CB7BB3A26 /* CFNetwork.framework in Frameworks */ = {isa = PBXBuildFile; fileRef = 92DB238109BB4980ABD1A0D1 /* CFNetwork.framework */; };
		E8443DEA573B4ABFA3FCDB8A /* CDVAdMobPlugin.m in Sources */ = {isa = PBXBuildFile; fileRef = 0E805AEB031B419DB95BD286 /* CDVAdMobPlugin.m */; };
		1EB3C9CC649E42A4B23542DB /* AdMobMediation.m in Sources */ = {isa = PBXBuildFile; fileRef = E8E72B03E3CE4BFA9FA1EEBC /* AdMobMediation.m */; };
		DAFB050630424ADA871B8CB2 /* GoogleMobileAds.framework in Frameworks */ = {isa = PBXBuildFile; fileRef = 29CA5B1A11DC4B969C02E89D /* GoogleMobileAds.framework */; };
		61F5FC9DCE024985AD8805C3 /* AdSupport.framework in Frameworks */ = {isa = PBXBuildFile; fileRef = FB27C1B5B1B94A5A9AA57AED /* AdSupport.framework */; };
		D0A2E929148848EB89FE2D4B /* AudioToolbox.framework in Frameworks */ = {isa = PBXBuildFile; fileRef = CD49A6B227394F74B8A59B19 /* AudioToolbox.framework */; };
		DEF74AB410CF46F3ABBD53EC /* CoreBluetooth.framework in Frameworks */ = {isa = PBXBuildFile; fileRef = 970E9FF6ABDD42B69CDF9731 /* CoreBluetooth.framework */; };
		E4CD7712695B4180999C4016 /* CoreMedia.framework in Frameworks */ = {isa = PBXBuildFile; fileRef = 092D57DFC1F0471784DE911E /* CoreMedia.framework */; };
		2F8889C2021F4D1AA762E09F /* CoreMotion.framework in Frameworks */ = {isa = PBXBuildFile; fileRef = 04A71FD28CA049079595D108 /* CoreMotion.framework */; };
		640C09B5CCC043A19FF9BB6F /* CoreVideo.framework in Frameworks */ = {isa = PBXBuildFile; fileRef = 0E57B0CFA26940059EBDE074 /* CoreVideo.framework */; };
		8FCB7CB5C8AD4396962CB7FA /* EventKit.framework in Frameworks */ = {isa = PBXBuildFile; fileRef = 35958A55CA4F47238EED01F4 /* EventKit.framework */; };
		3F279E0F0FFB4208BEB6D2C4 /* EventKitUI.framework in Frameworks */ = {isa = PBXBuildFile; fileRef = E1BBC980692C4A828D523F26 /* EventKitUI.framework */; };
		7132CBDD3B974152A476CC19 /* Foundation.framework in Frameworks */ = {isa = PBXBuildFile; fileRef = B90642881028418193BBE1C6 /* Foundation.framework */; };
		F7D9750966814E1490D51D0B /* GLKit.framework in Frameworks */ = {isa = PBXBuildFile; fileRef = 31EAA99A0A8D43F3978D5DFE /* GLKit.framework */; };
		088F48789E4A42208A645A9D /* MediaPlayer.framework in Frameworks */ = {isa = PBXBuildFile; fileRef = 58E1032641054C909224629D /* MediaPlayer.framework */; };
		1CCA3DA02C704DA79B384397 /* MessageUI.framework in Frameworks */ = {isa = PBXBuildFile; fileRef = 2AF6DA65672B4BEBB144C84A /* MessageUI.framework */; };
		10CAFF42C49F43D2955CFD5A /* OpenGLES.framework in Frameworks */ = {isa = PBXBuildFile; fileRef = B7F6385AA62E4AF6990BAB24 /* OpenGLES.framework */; };
		1FB8359CA42D4D1BAEE7B8BB /* SafariServices.framework in Frameworks */ = {isa = PBXBuildFile; fileRef = 5E2CFFD3D45C423090E1974D /* SafariServices.framework */; };
		696C83B1588A41F5B21E1031 /* StoreKit.framework in Frameworks */ = {isa = PBXBuildFile; fileRef = 289BECBC04394D53B3A562CB /* StoreKit.framework */; };
		883A076639BC463597B2B3F0 /* SystemConfiguration.framework in Frameworks */ = {isa = PBXBuildFile; fileRef = 252F3B04AE114AC5A58BFD5C /* SystemConfiguration.framework */; };
		8A3CADEC71264966B309CA3E /* UIKit.framework in Frameworks */ = {isa = PBXBuildFile; fileRef = 3B90677BDAD44AAA9E3A206D /* UIKit.framework */; };
		B98FBB5DC85E47A9B5EEA163 /* CDVStatusBar.m in Sources */ = {isa = PBXBuildFile; fileRef = C37F1C882A1142BE9E00F8CE /* CDVStatusBar.m */; };
		DDFA072868514262AEB71279 /* CDVNotification.m in Sources */ = {isa = PBXBuildFile; fileRef = 08121A2EC82448B58F4353DF /* CDVNotification.m */; };
		C07F1A420DC14162A599C633 /* CDVNotification.bundle in Resources */ = {isa = PBXBuildFile; fileRef = 7371C1744FB44FDD8A3EBB5F /* CDVNotification.bundle */; };
/* End PBXBuildFile section */

/* Begin PBXContainerItemProxy section */
		301BF534109A57CC0062928A /* PBXContainerItemProxy */ = {
			isa = PBXContainerItemProxy;
			containerPortal = 301BF52D109A57CC0062928A /* CordovaLib.xcodeproj */;
			proxyType = 2;
			remoteGlobalIDString = D2AAC07E0554694100DB518D;
			remoteInfo = CordovaLib;
		};
		301BF550109A68C00062928A /* PBXContainerItemProxy */ = {
			isa = PBXContainerItemProxy;
			containerPortal = 301BF52D109A57CC0062928A /* CordovaLib.xcodeproj */;
			proxyType = 1;
			remoteGlobalIDString = D2AAC07D0554694100DB518D;
			remoteInfo = CordovaLib;
		};
/* End PBXContainerItemProxy section */

/* Begin PBXFileReference section */
		0207DA571B56EA530066E2B4 /* Images.xcassets */ = {isa = PBXFileReference; lastKnownFileType = folder.assetcatalog; name = Images.xcassets; path = "CarAndReal/Images.xcassets"; sourceTree = SOURCE_ROOT; };
		1D3623240D0F684500981E51 /* AppDelegate.h */ = {isa = PBXFileReference; fileEncoding = 4; lastKnownFileType = sourcecode.c.h; path = AppDelegate.h; sourceTree = "<group>"; };
		1D3623250D0F684500981E51 /* AppDelegate.m */ = {isa = PBXFileReference; fileEncoding = 4; lastKnownFileType = sourcecode.c.objc; path = AppDelegate.m; sourceTree = "<group>"; };
		1D6058910D05DD3D006BFB54 /* CarAndReal.app */ = {isa = PBXFileReference; explicitFileType = wrapper.application; includeInIndex = 0; path = "CarAndReal.app"; sourceTree = BUILT_PRODUCTS_DIR; };
		29B97316FDCFA39411CA2CEA /* main.m */ = {isa = PBXFileReference; fileEncoding = 4; lastKnownFileType = sourcecode.c.objc; path = main.m; sourceTree = "<group>"; };
		301BF52D109A57CC0062928A /* CordovaLib.xcodeproj */ = {isa = PBXFileReference; lastKnownFileType = "wrapper.pb-project"; name = CordovaLib.xcodeproj; path = CordovaLib/CordovaLib.xcodeproj; sourceTree = "<group>"; };
		301BF56E109A69640062928A /* www */ = {isa = PBXFileReference; lastKnownFileType = folder; path = www; sourceTree = SOURCE_ROOT; };
		302D95EE14D2391D003F00A1 /* MainViewController.h */ = {isa = PBXFileReference; fileEncoding = 4; lastKnownFileType = sourcecode.c.h; path = MainViewController.h; sourceTree = "<group>"; };
		302D95EF14D2391D003F00A1 /* MainViewController.m */ = {isa = PBXFileReference; fileEncoding = 4; lastKnownFileType = sourcecode.c.objc; path = MainViewController.m; sourceTree = "<group>"; };
		302D95F014D2391D003F00A1 /* MainViewController.xib */ = {isa = PBXFileReference; fileEncoding = 4; lastKnownFileType = file.xib; path = MainViewController.xib; sourceTree = "<group>"; };
		3047A50F1AB8059700498E2A /* build-debug.xcconfig */ = {isa = PBXFileReference; fileEncoding = 4; lastKnownFileType = text.xcconfig; name = "build-debug.xcconfig"; path = cordova/build-debug.xcconfig; sourceTree = SOURCE_ROOT; };
		3047A5101AB8059700498E2A /* build-release.xcconfig */ = {isa = PBXFileReference; fileEncoding = 4; lastKnownFileType = text.xcconfig; name = "build-release.xcconfig"; path = cordova/build-release.xcconfig; sourceTree = SOURCE_ROOT; };
		3047A5111AB8059700498E2A /* build.xcconfig */ = {isa = PBXFileReference; fileEncoding = 4; lastKnownFileType = text.xcconfig; name = build.xcconfig; path = cordova/build.xcconfig; sourceTree = SOURCE_ROOT; };
		32CA4F630368D1EE00C91783 /* CarAndReal-Prefix.pch */ = {isa = PBXFileReference; fileEncoding = 4; lastKnownFileType = sourcecode.c.h; path = "CarAndReal-Prefix.pch"; sourceTree = "<group>"; };
		8D1107310486CEB800E47090 /* CarAndReal-Info.plist */ = {isa = PBXFileReference; fileEncoding = 4; lastKnownFileType = text.plist.xml; name = "CarAndReal-Info.plist"; path = "CarAndReal/CarAndReal-Info.plist"; plistStructureDefinitionIdentifier = "com.apple.xcode.plist.structure-definition.iphone.info-plist"; sourceTree = SOURCE_ROOT; };
		EB87FDF31871DA8E0020F90C /* www */ = {isa = PBXFileReference; lastKnownFileType = folder; name = www; path = ../../www; sourceTree = "<group>"; };
		EB87FDF41871DAF40020F90C /* config.xml */ = {isa = PBXFileReference; lastKnownFileType = text.xml; name = config.xml; path = ../../config.xml; sourceTree = "<group>"; };
		F840E1F0165FE0F500CFE078 /* config.xml */ = {isa = PBXFileReference; lastKnownFileType = text.xml; name = config.xml; path = "CarAndReal/config.xml"; sourceTree = "<group>"; };
		ED33DF2A687741AEAF9F8254 /* Bridging-Header.h */ = {isa = PBXFileReference; fileEncoding = 4; lastKnownFileType = sourcecode.c.h; name = "Bridging-Header.h"; path = "Bridging-Header.h"; sourceTree = "<group>"; };
		EE73EEDD23F1435CB0D3EE87 /* ImageIO.framework */ = {isa = PBXFileReference; name = "ImageIO.framework"; path = "System/Library/Frameworks/ImageIO.framework"; sourceTree = SDKROOT; fileEncoding = undefined; lastKnownFileType = wrapper.framework; explicitFileType = undefined; includeInIndex = 0; };
		3AB30D955796401BBB30BF8C /* CoreLocation.framework */ = {isa = PBXFileReference; name = "CoreLocation.framework"; path = "System/Library/Frameworks/CoreLocation.framework"; sourceTree = SDKROOT; fileEncoding = undefined; lastKnownFileType = wrapper.framework; explicitFileType = undefined; includeInIndex = 0; };
		3B12A45BE8C7424F9D2F3BB2 /* AVFoundation.framework */ = {isa = PBXFileReference; name = "AVFoundation.framework"; path = "System/Library/Frameworks/AVFoundation.framework"; sourceTree = SDKROOT; fileEncoding = undefined; lastKnownFileType = wrapper.framework; explicitFileType = undefined; includeInIndex = 0; };
		4F1DC45B6DE14F4894D4ED36 /* CoreTelephony.framework */ = {isa = PBXFileReference; name = "CoreTelephony.framework"; path = "System/Library/Frameworks/CoreTelephony.framework"; sourceTree = SDKROOT; fileEncoding = undefined; lastKnownFileType = wrapper.framework; explicitFileType = undefined; includeInIndex = 0; };
		05E019A1D63C4D919A26E40E /* UIImage+CropScaleOrientation.m */ = {isa = PBXFileReference; name = "UIImage+CropScaleOrientation.m"; path = "cordova-plugin-camera/UIImage+CropScaleOrientation.m"; sourceTree = "<group>"; fileEncoding = 4; lastKnownFileType = sourcecode.c.objc; explicitFileType = undefined; includeInIndex = 0; };
		9278C2A49B2D4312B4E2364E /* CDVCamera.m */ = {isa = PBXFileReference; name = "CDVCamera.m"; path = "cordova-plugin-camera/CDVCamera.m"; sourceTree = "<group>"; fileEncoding = 4; lastKnownFileType = sourcecode.c.objc; explicitFileType = undefined; includeInIndex = 0; };
		CC6E246E95B1464B8467F4B4 /* CDVJpegHeaderWriter.m */ = {isa = PBXFileReference; name = "CDVJpegHeaderWriter.m"; path = "cordova-plugin-camera/CDVJpegHeaderWriter.m"; sourceTree = "<group>"; fileEncoding = 4; lastKnownFileType = sourcecode.c.objc; explicitFileType = undefined; includeInIndex = 0; };
		76138575C7B44A47B22F341C /* UIImage+CropScaleOrientation.h */ = {isa = PBXFileReference; name = "UIImage+CropScaleOrientation.h"; path = "cordova-plugin-camera/UIImage+CropScaleOrientation.h"; sourceTree = "<group>"; fileEncoding = 4; lastKnownFileType = sourcecode.c.h; explicitFileType = undefined; includeInIndex = 0; };
		FBAA32777893401F92E721D7 /* CDVCamera.h */ = {isa = PBXFileReference; name = "CDVCamera.h"; path = "cordova-plugin-camera/CDVCamera.h"; sourceTree = "<group>"; fileEncoding = 4; lastKnownFileType = sourcecode.c.h; explicitFileType = undefined; includeInIndex = 0; };
		0AA4D03FC0D545859D33B598 /* CDVJpegHeaderWriter.h */ = {isa = PBXFileReference; name = "CDVJpegHeaderWriter.h"; path = "cordova-plugin-camera/CDVJpegHeaderWriter.h"; sourceTree = "<group>"; fileEncoding = 4; lastKnownFileType = sourcecode.c.h; explicitFileType = undefined; includeInIndex = 0; };
		341D7C5EDCFF4B69A20A1BA3 /* CDVExif.h */ = {isa = PBXFileReference; name = "CDVExif.h"; path = "cordova-plugin-camera/CDVExif.h"; sourceTree = "<group>"; fileEncoding = 4; lastKnownFileType = sourcecode.c.h; explicitFileType = undefined; includeInIndex = 0; };
		56CE21F75BBD41A999BDA863 /* CDVLogger.m */ = {isa = PBXFileReference; name = "CDVLogger.m"; path = "cordova-plugin-console/CDVLogger.m"; sourceTree = "<group>"; fileEncoding = 4; lastKnownFileType = sourcecode.c.objc; explicitFileType = undefined; includeInIndex = 0; };
		05C003ED27974C698A28BD2E /* CDVLogger.h */ = {isa = PBXFileReference; name = "CDVLogger.h"; path = "cordova-plugin-console/CDVLogger.h"; sourceTree = "<group>"; fileEncoding = 4; lastKnownFileType = sourcecode.c.h; explicitFileType = undefined; includeInIndex = 0; };
		5A606ED1B7934188901CE24C /* CDVDevice.m */ = {isa = PBXFileReference; name = "CDVDevice.m"; path = "cordova-plugin-device/CDVDevice.m"; sourceTree = "<group>"; fileEncoding = 4; lastKnownFileType = sourcecode.c.objc; explicitFileType = undefined; includeInIndex = 0; };
		C8BACF6715014789957C3458 /* CDVDevice.h */ = {isa = PBXFileReference; name = "CDVDevice.h"; path = "cordova-plugin-device/CDVDevice.h"; sourceTree = "<group>"; fileEncoding = 4; lastKnownFileType = sourcecode.c.h; explicitFileType = undefined; includeInIndex = 0; };
		5A9D40ADBE2B48488D9D271A /* FacebookConnectPlugin.m */ = {isa = PBXFileReference; name = "FacebookConnectPlugin.m"; path = "cordova-plugin-facebook4/FacebookConnectPlugin.m"; sourceTree = "<group>"; fileEncoding = 4; lastKnownFileType = sourcecode.c.objc; explicitFileType = undefined; includeInIndex = 0; };
		E4594D4EB5DE44FE98016334 /* FacebookConnectPlugin.h */ = {isa = PBXFileReference; name = "FacebookConnectPlugin.h"; path = "cordova-plugin-facebook4/FacebookConnectPlugin.h"; sourceTree = "<group>"; fileEncoding = 4; lastKnownFileType = sourcecode.c.h; explicitFileType = undefined; includeInIndex = 0; };
		ACF6C5BAEE6E4841AE85EE1A /* Bolts.framework */ = {isa = PBXFileReference; name = "Bolts.framework"; path = "CarAndReal/Plugins/cordova-plugin-facebook4/Bolts.framework"; sourceTree = "<group>"; fileEncoding = undefined; lastKnownFileType = wrapper.framework; explicitFileType = undefined; includeInIndex = 0; };
		4A01FBDDFD5646AEB003B2D9 /* FBSDKCoreKit.framework */ = {isa = PBXFileReference; name = "FBSDKCoreKit.framework"; path = "CarAndReal/Plugins/cordova-plugin-facebook4/FBSDKCoreKit.framework"; sourceTree = "<group>"; fileEncoding = undefined; lastKnownFileType = wrapper.framework; explicitFileType = undefined; includeInIndex = 0; };
		A847B1488D594E27A2BF5B89 /* FBSDKLoginKit.framework */ = {isa = PBXFileReference; name = "FBSDKLoginKit.framework"; path = "CarAndReal/Plugins/cordova-plugin-facebook4/FBSDKLoginKit.framework"; sourceTree = "<group>"; fileEncoding = undefined; lastKnownFileType = wrapper.framework; explicitFileType = undefined; includeInIndex = 0; };
		22D6B4D8BE5340E8BD73EB58 /* FBSDKShareKit.framework */ = {isa = PBXFileReference; name = "FBSDKShareKit.framework"; path = "CarAndReal/Plugins/cordova-plugin-facebook4/FBSDKShareKit.framework"; sourceTree = "<group>"; fileEncoding = undefined; lastKnownFileType = wrapper.framework; explicitFileType = undefined; includeInIndex = 0; };
		889EE97C29CC43C8A4419C2C /* Sim.m */ = {isa = PBXFileReference; name = "Sim.m"; path = "cordova-plugin-sim/Sim.m"; sourceTree = "<group>"; fileEncoding = 4; lastKnownFileType = sourcecode.c.objc; explicitFileType = undefined; includeInIndex = 0; };
		285D49F890DE4CD5BE5548C7 /* Sim.h */ = {isa = PBXFileReference; name = "Sim.h"; path = "cordova-plugin-sim/Sim.h"; sourceTree = "<group>"; fileEncoding = 4; lastKnownFileType = sourcecode.c.h; explicitFileType = undefined; includeInIndex = 0; };
		66DAC4F5D3844BDEAB36616A /* CDVSplashScreen.m */ = {isa = PBXFileReference; name = "CDVSplashScreen.m"; path = "cordova-plugin-splashscreen/CDVSplashScreen.m"; sourceTree = "<group>"; fileEncoding = 4; lastKnownFileType = sourcecode.c.objc; explicitFileType = undefined; includeInIndex = 0; };
		A756DB1FA4584A9AB14757B7 /* CDVViewController+SplashScreen.m */ = {isa = PBXFileReference; name = "CDVViewController+SplashScreen.m"; path = "cordova-plugin-splashscreen/CDVViewController+SplashScreen.m"; sourceTree = "<group>"; fileEncoding = 4; lastKnownFileType = sourcecode.c.objc; explicitFileType = undefined; includeInIndex = 0; };
		098BED917A5B4201B2A9A8CF /* CDVSplashScreen.h */ = {isa = PBXFileReference; name = "CDVSplashScreen.h"; path = "cordova-plugin-splashscreen/CDVSplashScreen.h"; sourceTree = "<group>"; fileEncoding = 4; lastKnownFileType = sourcecode.c.h; explicitFileType = undefined; includeInIndex = 0; };
		2B35F0A6E42A4275AC56DD43 /* CDVViewController+SplashScreen.h */ = {isa = PBXFileReference; name = "CDVViewController+SplashScreen.h"; path = "cordova-plugin-splashscreen/CDVViewController+SplashScreen.h"; sourceTree = "<group>"; fileEncoding = 4; lastKnownFileType = sourcecode.c.h; explicitFileType = undefined; includeInIndex = 0; };
		0DD0A700ED1E4A29A6BE15F5 /* CDVPluginExt.m */ = {isa = PBXFileReference; name = "CDVPluginExt.m"; path = "cordova-plugin-extension/CDVPluginExt.m"; sourceTree = "<group>"; fileEncoding = 4; lastKnownFileType = sourcecode.c.objc; explicitFileType = undefined; includeInIndex = 0; };
		BB682F989F6546C18624A602 /* libCordovaGenericAd.a */ = {isa = PBXFileReference; name = "libCordovaGenericAd.a"; path = "CarAndReal/Plugins/cordova-plugin-extension/libCordovaGenericAd.a"; sourceTree = "<group>"; fileEncoding = undefined; lastKnownFileType = archive.ar; explicitFileType = undefined; includeInIndex = 0; };
		02D7C6D81E70499B8EE2776F /* PluginAdapterDelegate.h */ = {isa = PBXFileReference; name = "PluginAdapterDelegate.h"; path = "cordova-plugin-extension/PluginAdapterDelegate.h"; sourceTree = "<group>"; fileEncoding = 4; lastKnownFileType = sourcecode.c.h; explicitFileType = undefined; includeInIndex = 0; };
		4CDE8A8CB5414037AA972269 /* CDVPluginExt.h */ = {isa = PBXFileReference; name = "CDVPluginExt.h"; path = "cordova-plugin-extension/CDVPluginExt.h"; sourceTree = "<group>"; fileEncoding = 4; lastKnownFileType = sourcecode.c.h; explicitFileType = undefined; includeInIndex = 0; };
		749B0CDF2DEB49778EEDE1AA /* GenericAdPlugin.h */ = {isa = PBXFileReference; name = "GenericAdPlugin.h"; path = "cordova-plugin-extension/GenericAdPlugin.h"; sourceTree = "<group>"; fileEncoding = 4; lastKnownFileType = sourcecode.c.h; explicitFileType = undefined; includeInIndex = 0; };
		92DB238109BB4980ABD1A0D1 /* CFNetwork.framework */ = {isa = PBXFileReference; name = "CFNetwork.framework"; path = "System/Library/Frameworks/CFNetwork.framework"; sourceTree = SDKROOT; fileEncoding = undefined; lastKnownFileType = wrapper.framework; explicitFileType = undefined; includeInIndex = 0; };
		0E805AEB031B419DB95BD286 /* CDVAdMobPlugin.m */ = {isa = PBXFileReference; name = "CDVAdMobPlugin.m"; path = "cordova-plugin-admobpro/CDVAdMobPlugin.m"; sourceTree = "<group>"; fileEncoding = 4; lastKnownFileType = sourcecode.c.objc; explicitFileType = undefined; includeInIndex = 0; };
		E8E72B03E3CE4BFA9FA1EEBC /* AdMobMediation.m */ = {isa = PBXFileReference; name = "AdMobMediation.m"; path = "cordova-plugin-admobpro/AdMobMediation.m"; sourceTree = "<group>"; fileEncoding = 4; lastKnownFileType = sourcecode.c.objc; explicitFileType = undefined; includeInIndex = 0; };
		1CA70A0D5C354074AE54416A /* CDVAdMobPlugin.h */ = {isa = PBXFileReference; name = "CDVAdMobPlugin.h"; path = "cordova-plugin-admobpro/CDVAdMobPlugin.h"; sourceTree = "<group>"; fileEncoding = 4; lastKnownFileType = sourcecode.c.h; explicitFileType = undefined; includeInIndex = 0; };
		FC5080C1F631485D9FE97DA5 /* AdMobMediation.h */ = {isa = PBXFileReference; name = "AdMobMediation.h"; path = "cordova-plugin-admobpro/AdMobMediation.h"; sourceTree = "<group>"; fileEncoding = 4; lastKnownFileType = sourcecode.c.h; explicitFileType = undefined; includeInIndex = 0; };
		29CA5B1A11DC4B969C02E89D /* GoogleMobileAds.framework */ = {isa = PBXFileReference; name = "GoogleMobileAds.framework"; path = "CarAndReal/Plugins/cordova-plugin-admobpro/GoogleMobileAds.framework"; sourceTree = "<group>"; fileEncoding = undefined; lastKnownFileType = wrapper.framework; explicitFileType = undefined; includeInIndex = 0; };
		FB27C1B5B1B94A5A9AA57AED /* AdSupport.framework */ = {isa = PBXFileReference; name = "AdSupport.framework"; path = "System/Library/Frameworks/AdSupport.framework"; sourceTree = SDKROOT; fileEncoding = undefined; lastKnownFileType = wrapper.framework; explicitFileType = undefined; includeInIndex = 0; };
		CD49A6B227394F74B8A59B19 /* AudioToolbox.framework */ = {isa = PBXFileReference; name = "AudioToolbox.framework"; path = "System/Library/Frameworks/AudioToolbox.framework"; sourceTree = SDKROOT; fileEncoding = undefined; lastKnownFileType = wrapper.framework; explicitFileType = undefined; includeInIndex = 0; };
		970E9FF6ABDD42B69CDF9731 /* CoreBluetooth.framework */ = {isa = PBXFileReference; name = "CoreBluetooth.framework"; path = "System/Library/Frameworks/CoreBluetooth.framework"; sourceTree = SDKROOT; fileEncoding = undefined; lastKnownFileType = wrapper.framework; explicitFileType = undefined; includeInIndex = 0; };
		092D57DFC1F0471784DE911E /* CoreMedia.framework */ = {isa = PBXFileReference; name = "CoreMedia.framework"; path = "System/Library/Frameworks/CoreMedia.framework"; sourceTree = SDKROOT; fileEncoding = undefined; lastKnownFileType = wrapper.framework; explicitFileType = undefined; includeInIndex = 0; };
		04A71FD28CA049079595D108 /* CoreMotion.framework */ = {isa = PBXFileReference; name = "CoreMotion.framework"; path = "System/Library/Frameworks/CoreMotion.framework"; sourceTree = SDKROOT; fileEncoding = undefined; lastKnownFileType = wrapper.framework; explicitFileType = undefined; includeInIndex = 0; };
		0E57B0CFA26940059EBDE074 /* CoreVideo.framework */ = {isa = PBXFileReference; name = "CoreVideo.framework"; path = "System/Library/Frameworks/CoreVideo.framework"; sourceTree = SDKROOT; fileEncoding = undefined; lastKnownFileType = wrapper.framework; explicitFileType = undefined; includeInIndex = 0; };
		35958A55CA4F47238EED01F4 /* EventKit.framework */ = {isa = PBXFileReference; name = "EventKit.framework"; path = "System/Library/Frameworks/EventKit.framework"; sourceTree = SDKROOT; fileEncoding = undefined; lastKnownFileType = wrapper.framework; explicitFileType = undefined; includeInIndex = 0; };
		E1BBC980692C4A828D523F26 /* EventKitUI.framework */ = {isa = PBXFileReference; name = "EventKitUI.framework"; path = "System/Library/Frameworks/EventKitUI.framework"; sourceTree = SDKROOT; fileEncoding = undefined; lastKnownFileType = wrapper.framework; explicitFileType = undefined; includeInIndex = 0; };
		B90642881028418193BBE1C6 /* Foundation.framework */ = {isa = PBXFileReference; name = "Foundation.framework"; path = "System/Library/Frameworks/Foundation.framework"; sourceTree = SDKROOT; fileEncoding = undefined; lastKnownFileType = wrapper.framework; explicitFileType = undefined; includeInIndex = 0; };
		31EAA99A0A8D43F3978D5DFE /* GLKit.framework */ = {isa = PBXFileReference; name = "GLKit.framework"; path = "System/Library/Frameworks/GLKit.framework"; sourceTree = SDKROOT; fileEncoding = undefined; lastKnownFileType = wrapper.framework; explicitFileType = undefined; includeInIndex = 0; };
		58E1032641054C909224629D /* MediaPlayer.framework */ = {isa = PBXFileReference; name = "MediaPlayer.framework"; path = "System/Library/Frameworks/MediaPlayer.framework"; sourceTree = SDKROOT; fileEncoding = undefined; lastKnownFileType = wrapper.framework; explicitFileType = undefined; includeInIndex = 0; };
		2AF6DA65672B4BEBB144C84A /* MessageUI.framework */ = {isa = PBXFileReference; name = "MessageUI.framework"; path = "System/Library/Frameworks/MessageUI.framework"; sourceTree = SDKROOT; fileEncoding = undefined; lastKnownFileType = wrapper.framework; explicitFileType = undefined; includeInIndex = 0; };
		B7F6385AA62E4AF6990BAB24 /* OpenGLES.framework */ = {isa = PBXFileReference; name = "OpenGLES.framework"; path = "System/Library/Frameworks/OpenGLES.framework"; sourceTree = SDKROOT; fileEncoding = undefined; lastKnownFileType = wrapper.framework; explicitFileType = undefined; includeInIndex = 0; };
		5E2CFFD3D45C423090E1974D /* SafariServices.framework */ = {isa = PBXFileReference; name = "SafariServices.framework"; path = "System/Library/Frameworks/SafariServices.framework"; sourceTree = SDKROOT; fileEncoding = undefined; lastKnownFileType = wrapper.framework; explicitFileType = undefined; includeInIndex = 0; };
		289BECBC04394D53B3A562CB /* StoreKit.framework */ = {isa = PBXFileReference; name = "StoreKit.framework"; path = "System/Library/Frameworks/StoreKit.framework"; sourceTree = SDKROOT; fileEncoding = undefined; lastKnownFileType = wrapper.framework; explicitFileType = undefined; includeInIndex = 0; };
		252F3B04AE114AC5A58BFD5C /* SystemConfiguration.framework */ = {isa = PBXFileReference; name = "SystemConfiguration.framework"; path = "System/Library/Frameworks/SystemConfiguration.framework"; sourceTree = SDKROOT; fileEncoding = undefined; lastKnownFileType = wrapper.framework; explicitFileType = undefined; includeInIndex = 0; };
		3B90677BDAD44AAA9E3A206D /* UIKit.framework */ = {isa = PBXFileReference; name = "UIKit.framework"; path = "System/Library/Frameworks/UIKit.framework"; sourceTree = SDKROOT; fileEncoding = undefined; lastKnownFileType = wrapper.framework; explicitFileType = undefined; includeInIndex = 0; };
		C37F1C882A1142BE9E00F8CE /* CDVStatusBar.m */ = {isa = PBXFileReference; name = "CDVStatusBar.m"; path = "cordova-plugin-statusbar/CDVStatusBar.m"; sourceTree = "<group>"; fileEncoding = 4; lastKnownFileType = sourcecode.c.objc; explicitFileType = undefined; includeInIndex = 0; };
		22D8864BAC974AD0BC38B6D5 /* CDVStatusBar.h */ = {isa = PBXFileReference; name = "CDVStatusBar.h"; path = "cordova-plugin-statusbar/CDVStatusBar.h"; sourceTree = "<group>"; fileEncoding = 4; lastKnownFileType = sourcecode.c.h; explicitFileType = undefined; includeInIndex = 0; };
		08121A2EC82448B58F4353DF /* CDVNotification.m */ = {isa = PBXFileReference; name = "CDVNotification.m"; path = "cordova-plugin-dialogs/CDVNotification.m"; sourceTree = "<group>"; fileEncoding = 4; lastKnownFileType = sourcecode.c.objc; explicitFileType = undefined; includeInIndex = 0; };
		4F7E9F71524E4777AB5BFE5C /* CDVNotification.h */ = {isa = PBXFileReference; name = "CDVNotification.h"; path = "cordova-plugin-dialogs/CDVNotification.h"; sourceTree = "<group>"; fileEncoding = 4; lastKnownFileType = sourcecode.c.h; explicitFileType = undefined; includeInIndex = 0; };
		7371C1744FB44FDD8A3EBB5F /* CDVNotification.bundle */ = {isa = PBXFileReference; name = "CDVNotification.bundle"; path = "CDVNotification.bundle"; sourceTree = "<group>"; fileEncoding = undefined; lastKnownFileType = wrapper.plug-in; explicitFileType = undefined; includeInIndex = 0; };
/* End PBXFileReference section */

/* Begin PBXFrameworksBuildPhase section */
		1D60588F0D05DD3D006BFB54 /* Frameworks */ = {
			isa = PBXFrameworksBuildPhase;
			buildActionMask = 2147483647;
			files = (
				301BF552109A68D80062928A /* libCordova.a in Frameworks */,
				BECE35444D5747F592AEEC37 /* ImageIO.framework in Frameworks */,
				93B8FA97C5AD4FF09C583E36 /* CoreLocation.framework in Frameworks */,
				EA9B3D750A7743499C1DEB40 /* AVFoundation.framework in Frameworks */,
				5CB73C0FE25F48B9A5EF3764 /* CoreTelephony.framework in Frameworks */,
				9538A2E9738C4EA29737069A /* Bolts.framework in Frameworks */,
				0874521BB0494139AC97DB39 /* FBSDKCoreKit.framework in Frameworks */,
				BC168582086447D58B023C74 /* FBSDKLoginKit.framework in Frameworks */,
				C45197624A25430AA64EF908 /* FBSDKShareKit.framework in Frameworks */,
				02EC92F90A4047EFB27597BA /* libCordovaGenericAd.a in Frameworks */,
				CA9822F6C2D4454CB7BB3A26 /* CFNetwork.framework in Frameworks */,
				DAFB050630424ADA871B8CB2 /* GoogleMobileAds.framework in Frameworks */,
				61F5FC9DCE024985AD8805C3 /* AdSupport.framework in Frameworks */,
				D0A2E929148848EB89FE2D4B /* AudioToolbox.framework in Frameworks */,
				DEF74AB410CF46F3ABBD53EC /* CoreBluetooth.framework in Frameworks */,
				E4CD7712695B4180999C4016 /* CoreMedia.framework in Frameworks */,
				2F8889C2021F4D1AA762E09F /* CoreMotion.framework in Frameworks */,
				640C09B5CCC043A19FF9BB6F /* CoreVideo.framework in Frameworks */,
				8FCB7CB5C8AD4396962CB7FA /* EventKit.framework in Frameworks */,
				3F279E0F0FFB4208BEB6D2C4 /* EventKitUI.framework in Frameworks */,
				7132CBDD3B974152A476CC19 /* Foundation.framework in Frameworks */,
				F7D9750966814E1490D51D0B /* GLKit.framework in Frameworks */,
				088F48789E4A42208A645A9D /* MediaPlayer.framework in Frameworks */,
				1CCA3DA02C704DA79B384397 /* MessageUI.framework in Frameworks */,
				10CAFF42C49F43D2955CFD5A /* OpenGLES.framework in Frameworks */,
				1FB8359CA42D4D1BAEE7B8BB /* SafariServices.framework in Frameworks */,
				696C83B1588A41F5B21E1031 /* StoreKit.framework in Frameworks */,
				883A076639BC463597B2B3F0 /* SystemConfiguration.framework in Frameworks */,
				8A3CADEC71264966B309CA3E /* UIKit.framework in Frameworks */,
			);
			runOnlyForDeploymentPostprocessing = 0;
		};
/* End PBXFrameworksBuildPhase section */

/* Begin PBXGroup section */
		080E96DDFE201D6D7F000001 /* Classes */ = {
			isa = PBXGroup;
			children = (
				302D95EE14D2391D003F00A1 /* MainViewController.h */,
				302D95EF14D2391D003F00A1 /* MainViewController.m */,
				302D95F014D2391D003F00A1 /* MainViewController.xib */,
				1D3623240D0F684500981E51 /* AppDelegate.h */,
				1D3623250D0F684500981E51 /* AppDelegate.m */,
			);
			name = Classes;
			path = "CarAndReal/Classes";
			sourceTree = SOURCE_ROOT;
		};
		19C28FACFE9D520D11CA2CBB /* Products */ = {
			isa = PBXGroup;
			children = (
				1D6058910D05DD3D006BFB54 /* CarAndReal.app */,
			);
			name = Products;
			sourceTree = "<group>";
		};
		29B97314FDCFA39411CA2CEA /* CustomTemplate */ = {
			isa = PBXGroup;
			children = (
				EB87FDF41871DAF40020F90C /* config.xml */,
				EB87FDF31871DA8E0020F90C /* www */,
				EB87FDF11871DA420020F90C /* Staging */,
				301BF52D109A57CC0062928A /* CordovaLib.xcodeproj */,
				080E96DDFE201D6D7F000001 /* Classes */,
				307C750510C5A3420062BCA9 /* Plugins */,
				29B97315FDCFA39411CA2CEA /* Other Sources */,
				29B97317FDCFA39411CA2CEA /* Resources */,
				29B97323FDCFA39411CA2CEA /* Frameworks */,
				19C28FACFE9D520D11CA2CBB /* Products */,
			);
			name = CustomTemplate;
			sourceTree = "<group>";
		};
		29B97315FDCFA39411CA2CEA /* Other Sources */ = {
			isa = PBXGroup;
			children = (
				32CA4F630368D1EE00C91783 /* CarAndReal-Prefix.pch */,
				29B97316FDCFA39411CA2CEA /* main.m */,
				ED33DF2A687741AEAF9F8254 /* Bridging-Header.h */,
			);
			name = "Other Sources";
			path = "CarAndReal";
			sourceTree = "<group>";
		};
		29B97317FDCFA39411CA2CEA /* Resources */ = {
			isa = PBXGroup;
			children = (
				0207DA571B56EA530066E2B4 /* Images.xcassets */,
				3047A50E1AB8057F00498E2A /* config */,
				8D1107310486CEB800E47090 /* CarAndReal-Info.plist */,
				7371C1744FB44FDD8A3EBB5F /* CDVNotification.bundle */,
			);
			name = Resources;
			path = "CarAndReal/Resources";
			sourceTree = "<group>";
		};
		29B97323FDCFA39411CA2CEA /* Frameworks */ = {
			isa = PBXGroup;
			children = (
				EE73EEDD23F1435CB0D3EE87 /* ImageIO.framework */,
				3AB30D955796401BBB30BF8C /* CoreLocation.framework */,
				3B12A45BE8C7424F9D2F3BB2 /* AVFoundation.framework */,
				4F1DC45B6DE14F4894D4ED36 /* CoreTelephony.framework */,
				ACF6C5BAEE6E4841AE85EE1A /* Bolts.framework */,
				4A01FBDDFD5646AEB003B2D9 /* FBSDKCoreKit.framework */,
				A847B1488D594E27A2BF5B89 /* FBSDKLoginKit.framework */,
				22D6B4D8BE5340E8BD73EB58 /* FBSDKShareKit.framework */,
				BB682F989F6546C18624A602 /* libCordovaGenericAd.a */,
				92DB238109BB4980ABD1A0D1 /* CFNetwork.framework */,
				29CA5B1A11DC4B969C02E89D /* GoogleMobileAds.framework */,
				FB27C1B5B1B94A5A9AA57AED /* AdSupport.framework */,
				CD49A6B227394F74B8A59B19 /* AudioToolbox.framework */,
				970E9FF6ABDD42B69CDF9731 /* CoreBluetooth.framework */,
				092D57DFC1F0471784DE911E /* CoreMedia.framework */,
				04A71FD28CA049079595D108 /* CoreMotion.framework */,
				0E57B0CFA26940059EBDE074 /* CoreVideo.framework */,
				35958A55CA4F47238EED01F4 /* EventKit.framework */,
				E1BBC980692C4A828D523F26 /* EventKitUI.framework */,
				B90642881028418193BBE1C6 /* Foundation.framework */,
				31EAA99A0A8D43F3978D5DFE /* GLKit.framework */,
				58E1032641054C909224629D /* MediaPlayer.framework */,
				2AF6DA65672B4BEBB144C84A /* MessageUI.framework */,
				B7F6385AA62E4AF6990BAB24 /* OpenGLES.framework */,
				5E2CFFD3D45C423090E1974D /* SafariServices.framework */,
				289BECBC04394D53B3A562CB /* StoreKit.framework */,
				252F3B04AE114AC5A58BFD5C /* SystemConfiguration.framework */,
				3B90677BDAD44AAA9E3A206D /* UIKit.framework */,
			);
			name = Frameworks;
			sourceTree = "<group>";
		};
		301BF52E109A57CC0062928A /* Products */ = {
			isa = PBXGroup;
			children = (
				301BF535109A57CC0062928A /* libCordova.a */,
			);
			name = Products;
			sourceTree = "<group>";
		};
		3047A50E1AB8057F00498E2A /* config */ = {
			isa = PBXGroup;
			children = (
				3047A50F1AB8059700498E2A /* build-debug.xcconfig */,
				3047A5101AB8059700498E2A /* build-release.xcconfig */,
				3047A5111AB8059700498E2A /* build.xcconfig */,
			);
			name = config;
			sourceTree = "<group>";
		};
		307C750510C5A3420062BCA9 /* Plugins */ = {
			isa = PBXGroup;
			children = (
				05E019A1D63C4D919A26E40E /* UIImage+CropScaleOrientation.m */,
				9278C2A49B2D4312B4E2364E /* CDVCamera.m */,
				CC6E246E95B1464B8467F4B4 /* CDVJpegHeaderWriter.m */,
				76138575C7B44A47B22F341C /* UIImage+CropScaleOrientation.h */,
				FBAA32777893401F92E721D7 /* CDVCamera.h */,
				0AA4D03FC0D545859D33B598 /* CDVJpegHeaderWriter.h */,
				341D7C5EDCFF4B69A20A1BA3 /* CDVExif.h */,
				56CE21F75BBD41A999BDA863 /* CDVLogger.m */,
				05C003ED27974C698A28BD2E /* CDVLogger.h */,
				5A606ED1B7934188901CE24C /* CDVDevice.m */,
				C8BACF6715014789957C3458 /* CDVDevice.h */,
				5A9D40ADBE2B48488D9D271A /* FacebookConnectPlugin.m */,
				E4594D4EB5DE44FE98016334 /* FacebookConnectPlugin.h */,
				889EE97C29CC43C8A4419C2C /* Sim.m */,
				285D49F890DE4CD5BE5548C7 /* Sim.h */,
				66DAC4F5D3844BDEAB36616A /* CDVSplashScreen.m */,
				A756DB1FA4584A9AB14757B7 /* CDVViewController+SplashScreen.m */,
				098BED917A5B4201B2A9A8CF /* CDVSplashScreen.h */,
				2B35F0A6E42A4275AC56DD43 /* CDVViewController+SplashScreen.h */,
				0DD0A700ED1E4A29A6BE15F5 /* CDVPluginExt.m */,
				02D7C6D81E70499B8EE2776F /* PluginAdapterDelegate.h */,
				4CDE8A8CB5414037AA972269 /* CDVPluginExt.h */,
				749B0CDF2DEB49778EEDE1AA /* GenericAdPlugin.h */,
				0E805AEB031B419DB95BD286 /* CDVAdMobPlugin.m */,
				E8E72B03E3CE4BFA9FA1EEBC /* AdMobMediation.m */,
				1CA70A0D5C354074AE54416A /* CDVAdMobPlugin.h */,
				FC5080C1F631485D9FE97DA5 /* AdMobMediation.h */,
				C37F1C882A1142BE9E00F8CE /* CDVStatusBar.m */,
				22D8864BAC974AD0BC38B6D5 /* CDVStatusBar.h */,
				08121A2EC82448B58F4353DF /* CDVNotification.m */,
				4F7E9F71524E4777AB5BFE5C /* CDVNotification.h */,
			);
			name = Plugins;
			path = "CarAndReal/Plugins";
			sourceTree = SOURCE_ROOT;
		};
		EB87FDF11871DA420020F90C /* Staging */ = {
			isa = PBXGroup;
			children = (
				F840E1F0165FE0F500CFE078 /* config.xml */,
				301BF56E109A69640062928A /* www */,
			);
			name = Staging;
			sourceTree = "<group>";
		};
/* End PBXGroup section */

/* Begin PBXNativeTarget section */
		1D6058900D05DD3D006BFB54 /* CarAndReal */ = {
			isa = PBXNativeTarget;
			buildConfigurationList = 1D6058960D05DD3E006BFB54 /* Build configuration list for PBXNativeTarget "CarAndReal" */;
			buildPhases = (
				304B58A110DAC018002A0835 /* Copy www directory */,
				1D60588D0D05DD3D006BFB54 /* Resources */,
				1D60588E0D05DD3D006BFB54 /* Sources */,
				1D60588F0D05DD3D006BFB54 /* Frameworks */,
			);
			buildRules = (
			);
			dependencies = (
				301BF551109A68C00062928A /* PBXTargetDependency */,
			);
			name = "CarAndReal";
			productName = "CarAndReal";
			productReference = 1D6058910D05DD3D006BFB54 /* CarAndReal.app */;
			productType = "com.apple.product-type.application";
		};
/* End PBXNativeTarget section */

/* Begin PBXProject section */
		29B97313FDCFA39411CA2CEA /* Project object */ = {
			isa = PBXProject;
			attributes = {
				LastUpgradeCheck = 510;
			};
			buildConfigurationList = C01FCF4E08A954540054247B /* Build configuration list for PBXProject "__NON-CLI__" */;
			compatibilityVersion = "Xcode 3.2";
			developmentRegion = English;
			hasScannedForEncodings = 1;
			mainGroup = 29B97314FDCFA39411CA2CEA /* CustomTemplate */;
			projectDirPath = "";
			projectReferences = (
				{
					ProductGroup = 301BF52E109A57CC0062928A /* Products */;
					ProjectRef = 301BF52D109A57CC0062928A /* CordovaLib.xcodeproj */;
				},
			);
			projectRoot = "";
			targets = (
				1D6058900D05DD3D006BFB54 /* CarAndReal */,
			);
		};
/* End PBXProject section */

/* Begin PBXReferenceProxy section */
		301BF535109A57CC0062928A /* libCordova.a */ = {
			isa = PBXReferenceProxy;
			fileType = archive.ar;
			path = libCordova.a;
			remoteRef = 301BF534109A57CC0062928A /* PBXContainerItemProxy */;
			sourceTree = BUILT_PRODUCTS_DIR;
		};
/* End PBXReferenceProxy section */

/* Begin PBXResourcesBuildPhase section */
		1D60588D0D05DD3D006BFB54 /* Resources */ = {
			isa = PBXResourcesBuildPhase;
			buildActionMask = 2147483647;
			files = (
				302D95F214D2391D003F00A1 /* MainViewController.xib in Resources */,
				0207DA581B56EA530066E2B4 /* Images.xcassets in Resources */,
				C07F1A420DC14162A599C633 /* CDVNotification.bundle in Resources */,
			);
			runOnlyForDeploymentPostprocessing = 0;
		};
/* End PBXResourcesBuildPhase section */

/* Begin PBXShellScriptBuildPhase section */
		304B58A110DAC018002A0835 /* Copy www directory */ = {
			isa = PBXShellScriptBuildPhase;
			buildActionMask = 2147483647;
			files = (
			);
			inputPaths = (
			);
			name = "Copy www directory";
			outputPaths = (
			);
			runOnlyForDeploymentPostprocessing = 0;
			shellPath = /bin/sh;
			shellScript = "NODEJS_PATH=/usr/local/bin; NVM_NODE_PATH=~/.nvm/versions/node/`nvm version 2>/dev/null`/bin; N_NODE_PATH=`find /usr/local/n/versions/node/* -maxdepth 0 -type d 2>/dev/null | tail -1`/bin; XCODE_NODE_PATH=`xcode-select --print-path`/usr/share/xcs/Node/bin; PATH=$NODEJS_PATH:$NVM_NODE_PATH:$N_NODE_PATH:$XCODE_NODE_PATH:$PATH && node cordova/lib/copy-www-build-step.js";
			showEnvVarsInLog = 0;
		};
/* End PBXShellScriptBuildPhase section */

/* Begin PBXSourcesBuildPhase section */
		1D60588E0D05DD3D006BFB54 /* Sources */ = {
			isa = PBXSourcesBuildPhase;
			buildActionMask = 2147483647;
			files = (
				1D60589B0D05DD56006BFB54 /* main.m in Sources */,
				1D3623260D0F684500981E51 /* AppDelegate.m in Sources */,
				302D95F114D2391D003F00A1 /* MainViewController.m in Sources */,
				84FB7EEA0CA54F52977F39F6 /* UIImage+CropScaleOrientation.m in Sources */,
				0E3181A2AA054A3B9B9B8354 /* CDVCamera.m in Sources */,
				C483A3FD05A74987B0B5FBC2 /* CDVJpegHeaderWriter.m in Sources */,
				C926CD3697E54B26BC5F7662 /* CDVLogger.m in Sources */,
				054261C7608A4FD2B3EA038D /* CDVDevice.m in Sources */,
				03B7A474DD854573908C0AD3 /* FacebookConnectPlugin.m in Sources */,
				AC7961AE49B14A6D8BFB0D9D /* Sim.m in Sources */,
				325094CEBEE24028997F3F94 /* CDVSplashScreen.m in Sources */,
				684C60CA33144BD6B649375E /* CDVViewController+SplashScreen.m in Sources */,
				E1598E032DC3455DB431778F /* CDVPluginExt.m in Sources */,
				E8443DEA573B4ABFA3FCDB8A /* CDVAdMobPlugin.m in Sources */,
				1EB3C9CC649E42A4B23542DB /* AdMobMediation.m in Sources */,
				B98FBB5DC85E47A9B5EEA163 /* CDVStatusBar.m in Sources */,
				DDFA072868514262AEB71279 /* CDVNotification.m in Sources */,
			);
			runOnlyForDeploymentPostprocessing = 0;
		};
/* End PBXSourcesBuildPhase section */

/* Begin PBXTargetDependency section */
		301BF551109A68C00062928A /* PBXTargetDependency */ = {
			isa = PBXTargetDependency;
			name = CordovaLib;
			targetProxy = 301BF550109A68C00062928A /* PBXContainerItemProxy */;
		};
/* End PBXTargetDependency section */

/* Begin XCBuildConfiguration section */
		1D6058940D05DD3E006BFB54 /* Debug */ = {
			isa = XCBuildConfiguration;
			baseConfigurationReference = 3047A50F1AB8059700498E2A /* build-debug.xcconfig */;
			buildSettings = {
				ALWAYS_SEARCH_USER_PATHS = NO;
				ASSETCATALOG_COMPILER_APPICON_NAME = AppIcon;
				ASSETCATALOG_COMPILER_LAUNCHIMAGE_NAME = LaunchImage;
				CLANG_ENABLE_MODULES = YES;
				CLANG_ENABLE_OBJC_ARC = YES;
				COPY_PHASE_STRIP = NO;
				GCC_DYNAMIC_NO_PIC = NO;
				GCC_OPTIMIZATION_LEVEL = 0;
				GCC_PRECOMPILE_PREFIX_HEADER = YES;
				GCC_PREFIX_HEADER = "CarAndReal/CarAndReal-Prefix.pch";
				GCC_THUMB_SUPPORT = NO;
				GCC_VERSION = "";
				INFOPLIST_FILE = "CarAndReal/CarAndReal-Info.plist";
				LD_RUNPATH_SEARCH_PATHS = "@executable_path/Frameworks";
				PRODUCT_NAME = "CarAndReal";
				FRAMEWORK_SEARCH_PATHS = (
					"$(inherited)",
					"\"CarAndReal/Plugins/cordova-plugin-facebook4\"",
					"\"CarAndReal/Plugins/cordova-plugin-facebook4\"",
					"\"CarAndReal/Plugins/cordova-plugin-facebook4\"",
					"\"CarAndReal/Plugins/cordova-plugin-facebook4\"",
					"\"CarAndReal/Plugins/cordova-plugin-facebook4\"",
					"\"CarAndReal/Plugins/cordova-plugin-facebook4\"",
					"\"CarAndReal/Plugins/cordova-plugin-facebook4\"",
					"\"CarAndReal/Plugins/cordova-plugin-facebook4\"",
					"\"CarAndReal/Plugins/cordova-plugin-admobpro\"",
				);
				LIBRARY_SEARCH_PATHS = (
					"$(inherited)",
					"\"$(SRCROOT)/CarAndReal/Plugins/cordova-plugin-extension\"",
				);
			};
			name = Debug;
		};
		1D6058950D05DD3E006BFB54 /* Release */ = {
			isa = XCBuildConfiguration;
			baseConfigurationReference = 3047A5101AB8059700498E2A /* build-release.xcconfig */;
			buildSettings = {
				ALWAYS_SEARCH_USER_PATHS = NO;
				ASSETCATALOG_COMPILER_APPICON_NAME = AppIcon;
				ASSETCATALOG_COMPILER_LAUNCHIMAGE_NAME = LaunchImage;
				CLANG_ENABLE_MODULES = YES;
				CLANG_ENABLE_OBJC_ARC = YES;
				COPY_PHASE_STRIP = YES;
				GCC_PRECOMPILE_PREFIX_HEADER = YES;
				GCC_PREFIX_HEADER = "CarAndReal/CarAndReal-Prefix.pch";
				GCC_THUMB_SUPPORT = NO;
				GCC_VERSION = "";
				INFOPLIST_FILE = "CarAndReal/CarAndReal-Info.plist";
				PRODUCT_NAME = "CarAndReal";
				FRAMEWORK_SEARCH_PATHS = (
					"$(inherited)",
					"\"CarAndReal/Plugins/cordova-plugin-facebook4\"",
					"\"CarAndReal/Plugins/cordova-plugin-facebook4\"",
					"\"CarAndReal/Plugins/cordova-plugin-facebook4\"",
					"\"CarAndReal/Plugins/cordova-plugin-facebook4\"",
					"\"CarAndReal/Plugins/cordova-plugin-facebook4\"",
					"\"CarAndReal/Plugins/cordova-plugin-facebook4\"",
					"\"CarAndReal/Plugins/cordova-plugin-facebook4\"",
					"\"CarAndReal/Plugins/cordova-plugin-facebook4\"",
					"\"CarAndReal/Plugins/cordova-plugin-admobpro\"",
				);
				LIBRARY_SEARCH_PATHS = (
					"$(inherited)",
					"\"$(SRCROOT)/CarAndReal/Plugins/cordova-plugin-extension\"",
				);
			};
			name = Release;
		};
		C01FCF4F08A954540054247B /* Debug */ = {
			isa = XCBuildConfiguration;
			baseConfigurationReference = 3047A5111AB8059700498E2A /* build.xcconfig */;
			buildSettings = {
				CLANG_ENABLE_MODULES = YES;
				CLANG_ENABLE_OBJC_ARC = YES;
				CLANG_WARN_BOOL_CONVERSION = YES;
				CLANG_WARN_CONSTANT_CONVERSION = YES;
				CLANG_WARN_EMPTY_BODY = YES;
				CLANG_WARN_ENUM_CONVERSION = YES;
				CLANG_WARN_INT_CONVERSION = YES;
				CLANG_WARN__DUPLICATE_METHOD_MATCH = YES;
				GCC_C_LANGUAGE_STANDARD = c99;
				GCC_THUMB_SUPPORT = NO;
				GCC_VERSION = "";
				GCC_WARN_ABOUT_RETURN_TYPE = YES;
				GCC_WARN_UNDECLARED_SELECTOR = YES;
				GCC_WARN_UNINITIALIZED_AUTOS = YES;
				GCC_WARN_UNUSED_FUNCTION = YES;
				GCC_WARN_UNUSED_VARIABLE = YES;
				ONLY_ACTIVE_ARCH = YES;
				SDKROOT = iphoneos;
				SKIP_INSTALL = NO;
			};
			name = Debug;
		};
		C01FCF5008A954540054247B /* Release */ = {
			isa = XCBuildConfiguration;
			baseConfigurationReference = 3047A5111AB8059700498E2A /* build.xcconfig */;
			buildSettings = {
				CLANG_ENABLE_MODULES = YES;
				CLANG_ENABLE_OBJC_ARC = YES;
				CLANG_WARN_BOOL_CONVERSION = YES;
				CLANG_WARN_CONSTANT_CONVERSION = YES;
				CLANG_WARN_EMPTY_BODY = YES;
				CLANG_WARN_ENUM_CONVERSION = YES;
				CLANG_WARN_INT_CONVERSION = YES;
				CLANG_WARN__DUPLICATE_METHOD_MATCH = YES;
				GCC_C_LANGUAGE_STANDARD = c99;
				GCC_THUMB_SUPPORT = NO;
				GCC_VERSION = "";
				GCC_WARN_ABOUT_RETURN_TYPE = YES;
				GCC_WARN_UNDECLARED_SELECTOR = YES;
				GCC_WARN_UNINITIALIZED_AUTOS = YES;
				GCC_WARN_UNUSED_FUNCTION = YES;
				GCC_WARN_UNUSED_VARIABLE = YES;
				SDKROOT = iphoneos;
				SKIP_INSTALL = NO;
			};
			name = Release;
		};
/* End XCBuildConfiguration section */

/* Begin XCConfigurationList section */
		1D6058960D05DD3E006BFB54 /* Build configuration list for PBXNativeTarget "CarAndReal" */ = {
			isa = XCConfigurationList;
			buildConfigurations = (
				1D6058940D05DD3E006BFB54 /* Debug */,
				1D6058950D05DD3E006BFB54 /* Release */,
			);
			defaultConfigurationIsVisible = 0;
			defaultConfigurationName = Release;
		};
		C01FCF4E08A954540054247B /* Build configuration list for PBXProject "__NON-CLI__" */ = {
			isa = XCConfigurationList;
			buildConfigurations = (
				C01FCF4F08A954540054247B /* Debug */,
				C01FCF5008A954540054247B /* Release */,
			);
			defaultConfigurationIsVisible = 0;
			defaultConfigurationName = Release;
		};
/* End XCConfigurationList section */
	};
	rootObject = 29B97313FDCFA39411CA2CEA /* Project object */;
}
